// !$*UTF8*$!
{
	archiveVersion = 1;
	classes = {
	};
	objectVersion = 46;
	objects = {

/* Begin PBXBuildFile section */
		BB79FBAA154DF6E2002ACB24 /* libz.dylib in Frameworks */ = {isa = PBXBuildFile; fileRef = BB79FBA9154DF6E2002ACB24 /* libz.dylib */; };
		BBBAB30A14D87CB900FC652C /* main.cpp in Sources */ = {isa = PBXBuildFile; fileRef = BBBAB30914D87CB900FC652C /* main.cpp */; };
/* End PBXBuildFile section */

/* Begin PBXCopyFilesBuildPhase section */
		BBBAB30314D87CB900FC652C /* CopyFiles */ = {
			isa = PBXCopyFilesBuildPhase;
			buildActionMask = 2147483647;
			dstPath = /usr/share/man/man1/;
			dstSubfolderSpec = 0;
			files = (
			);
			runOnlyForDeploymentPostprocessing = 1;
		};
/* End PBXCopyFilesBuildPhase section */

/* Begin PBXFileReference section */
		BB79FBA9154DF6E2002ACB24 /* libz.dylib */ = {isa = PBXFileReference; lastKnownFileType = "compiled.mach-o.dylib"; name = libz.dylib; path = usr/lib/libz.dylib; sourceTree = SDKROOT; };
		BBBAB30514D87CB900FC652C /* runner */ = {isa = PBXFileReference; explicitFileType = "compiled.mach-o.executable"; includeInIndex = 0; path = runner; sourceTree = BUILT_PRODUCTS_DIR; };
		BBBAB30914D87CB900FC652C /* main.cpp */ = {isa = PBXFileReference; lastKnownFileType = sourcecode.cpp.cpp; path = main.cpp; sourceTree = "<group>"; };
/* End PBXFileReference section */

/* Begin PBXFrameworksBuildPhase section */
		BBBAB30214D87CB900FC652C /* Frameworks */ = {
			isa = PBXFrameworksBuildPhase;
			buildActionMask = 2147483647;
			files = (
				BB79FBAA154DF6E2002ACB24 /* libz.dylib in Frameworks */,
			);
			runOnlyForDeploymentPostprocessing = 0;
		};
/* End PBXFrameworksBuildPhase section */

/* Begin PBXGroup section */
		BBBAB2FA14D87CB900FC652C = {
			isa = PBXGroup;
			children = (
				BB79FBA9154DF6E2002ACB24 /* libz.dylib */,
				BBBAB30814D87CB900FC652C /* runner */,
				BBBAB30614D87CB900FC652C /* Products */,
			);
			sourceTree = "<group>";
		};
		BBBAB30614D87CB900FC652C /* Products */ = {
			isa = PBXGroup;
			children = (
				BBBAB30514D87CB900FC652C /* runner */,
			);
			name = Products;
			sourceTree = "<group>";
		};
		BBBAB30814D87CB900FC652C /* runner */ = {
			isa = PBXGroup;
			children = (
				BBBAB30914D87CB900FC652C /* main.cpp */,
			);
			path = runner;
			sourceTree = "<group>";
		};
/* End PBXGroup section */

/* Begin PBXNativeTarget section */
		BBBAB30414D87CB900FC652C /* runner */ = {
			isa = PBXNativeTarget;
			buildConfigurationList = BBBAB30F14D87CB900FC652C /* Build configuration list for PBXNativeTarget "runner" */;
			buildPhases = (
				BBBAB30114D87CB900FC652C /* Sources */,
				BBBAB30214D87CB900FC652C /* Frameworks */,
				BBBAB30314D87CB900FC652C /* CopyFiles */,
			);
			buildRules = (
			);
			dependencies = (
			);
			name = runner;
			productName = runner;
			productReference = BBBAB30514D87CB900FC652C /* runner */;
			productType = "com.apple.product-type.tool";
		};
/* End PBXNativeTarget section */

/* Begin PBXProject section */
		BBBAB2FC14D87CB900FC652C /* Project object */ = {
			isa = PBXProject;
			attributes = {
				LastUpgradeCheck = 0430;
			};
			buildConfigurationList = BBBAB2FF14D87CB900FC652C /* Build configuration list for PBXProject "runner" */;
			compatibilityVersion = "Xcode 3.2";
			developmentRegion = English;
			hasScannedForEncodings = 0;
			knownRegions = (
				en,
			);
			mainGroup = BBBAB2FA14D87CB900FC652C;
			productRefGroup = BBBAB30614D87CB900FC652C /* Products */;
			projectDirPath = "";
			projectRoot = "";
			targets = (
				BBBAB30414D87CB900FC652C /* runner */,
			);
		};
/* End PBXProject section */

/* Begin PBXSourcesBuildPhase section */
		BBBAB30114D87CB900FC652C /* Sources */ = {
			isa = PBXSourcesBuildPhase;
			buildActionMask = 2147483647;
			files = (
				BBBAB30A14D87CB900FC652C /* main.cpp in Sources */,
			);
			runOnlyForDeploymentPostprocessing = 0;
		};
/* End PBXSourcesBuildPhase section */

/* Begin XCBuildConfiguration section */
		BBBAB30D14D87CB900FC652C /* Debug */ = {
			isa = XCBuildConfiguration;
			buildSettings = {
				ALWAYS_SEARCH_USER_PATHS = NO;
				ARCHS = "$(ARCHS_STANDARD_32_BIT)";
				CODE_SIGN_IDENTITY = "";
				COPY_PHASE_STRIP = NO;
				GCC_C_LANGUAGE_STANDARD = gnu99;
				GCC_DYNAMIC_NO_PIC = NO;
				GCC_ENABLE_OBJC_EXCEPTIONS = YES;
				GCC_OPTIMIZATION_LEVEL = 0;
				GCC_PREPROCESSOR_DEFINITIONS = (
					"DEBUG=1",
					"$(inherited)",
				);
				GCC_SYMBOLS_PRIVATE_EXTERN = NO;
				GCC_VERSION = com.apple.compilers.llvm.clang.1_0;
				GCC_WARN_64_TO_32_BIT_CONVERSION = YES;
				GCC_WARN_ABOUT_MISSING_PROTOTYPES = YES;
				GCC_WARN_ABOUT_RETURN_TYPE = YES;
				GCC_WARN_UNUSED_VARIABLE = YES;
				MACOSX_DEPLOYMENT_TARGET = 10.6;
				ONLY_ACTIVE_ARCH = YES;
				SDKROOT = macosx;
			};
			name = Debug;
		};
		BBBAB30E14D87CB900FC652C /* Release */ = {
			isa = XCBuildConfiguration;
			buildSettings = {
				ALWAYS_SEARCH_USER_PATHS = NO;
				ARCHS = "$(ARCHS_STANDARD_32_BIT)";
				CODE_SIGN_IDENTITY = "3rd Party Mac Developer Application";
				COPY_PHASE_STRIP = YES;
				DEBUG_INFORMATION_FORMAT = "dwarf-with-dsym";
				GCC_C_LANGUAGE_STANDARD = gnu99;
				GCC_ENABLE_OBJC_EXCEPTIONS = YES;
				GCC_VERSION = com.apple.compilers.llvm.clang.1_0;
				GCC_WARN_64_TO_32_BIT_CONVERSION = YES;
				GCC_WARN_ABOUT_MISSING_PROTOTYPES = YES;
				GCC_WARN_ABOUT_RETURN_TYPE = YES;
				GCC_WARN_UNUSED_VARIABLE = YES;
				MACOSX_DEPLOYMENT_TARGET = 10.6;
				PROVISIONING_PROFILE = "";
				SDKROOT = macosx;
			};
			name = Release;
		};
		BBBAB31014D87CB900FC652C /* Debug */ = {
			isa = XCBuildConfiguration;
			buildSettings = {
				PRODUCT_NAME = "$(TARGET_NAME)";
			};
			name = Debug;
		};
		BBBAB31114D87CB900FC652C /* Release */ = {
			isa = XCBuildConfiguration;
			buildSettings = {
				PRODUCT_NAME = "$(TARGET_NAME)";
			};
			name = Release;
		};
/* End XCBuildConfiguration section */

/* Begin XCConfigurationList section */
		BBBAB2FF14D87CB900FC652C /* Build configuration list for PBXProject "runner" */ = {
			isa = XCConfigurationList;
			buildConfigurations = (
				BBBAB30D14D87CB900FC652C /* Debug */,
				BBBAB30E14D87CB900FC652C /* Release */,
			);
			defaultConfigurationIsVisible = 0;
			defaultConfigurationName = Release;
		};
		BBBAB30F14D87CB900FC652C /* Build configuration list for PBXNativeTarget "runner" */ = {
			isa = XCConfigurationList;
			buildConfigurations = (
				BBBAB31014D87CB900FC652C /* Debug */,
				BBBAB31114D87CB900FC652C /* Release */,
			);
			defaultConfigurationIsVisible = 0;
			defaultConfigurationName = Release;
		};
/* End XCConfigurationList section */
	};
	rootObject = BBBAB2FC14D87CB900FC652C /* Project object */;
}
