// !$*UTF8*$!
{
	archiveVersion = 1;
	classes = {
	};
	objectVersion = 46;
	objects = {

/* Begin PBXBuildFile section */
		BB79FBA6154DF024002ACB24 /* libz.dylib in Frameworks */ = {isa = PBXBuildFile; fileRef = BB79FBA5154DF024002ACB24 /* libz.dylib */; };
		BBBAB32C14D87F0A00FC652C /* main.cpp in Sources */ = {isa = PBXBuildFile; fileRef = BBBAB32B14D87F0A00FC652C /* main.cpp */; };
/* End PBXBuildFile section */

/* Begin PBXCopyFilesBuildPhase section */
		BBBAB32514D87F0A00FC652C /* CopyFiles */ = {
			isa = PBXCopyFilesBuildPhase;
			buildActionMask = 2147483647;
			dstPath = /usr/share/man/man1/;
			dstSubfolderSpec = 0;
			files = (
			);
			runOnlyForDeploymentPostprocessing = 1;
		};
/* End PBXCopyFilesBuildPhase section */

/* Begin PBXFileReference section */
		BB79FBA5154DF024002ACB24 /* libz.dylib */ = {isa = PBXFileReference; lastKnownFileType = "compiled.mach-o.dylib"; name = libz.dylib; path = usr/lib/libz.dylib; sourceTree = SDKROOT; };
		BBBAB32714D87F0A00FC652C /* packer */ = {isa = PBXFileReference; explicitFileType = "compiled.mach-o.executable"; includeInIndex = 0; path = packer; sourceTree = BUILT_PRODUCTS_DIR; };
		BBBAB32B14D87F0A00FC652C /* main.cpp */ = {isa = PBXFileReference; lastKnownFileType = sourcecode.cpp.cpp; path = main.cpp; sourceTree = "<group>"; };
/* End PBXFileReference section */

/* Begin PBXFrameworksBuildPhase section */
		BBBAB32414D87F0A00FC652C /* Frameworks */ = {
			isa = PBXFrameworksBuildPhase;
			buildActionMask = 2147483647;
			files = (
				BB79FBA6154DF024002ACB24 /* libz.dylib in Frameworks */,
			);
			runOnlyForDeploymentPostprocessing = 0;
		};
/* End PBXFrameworksBuildPhase section */

/* Begin PBXGroup section */
		BBBAB31C14D87F0A00FC652C = {
			isa = PBXGroup;
			children = (
				BB79FBA5154DF024002ACB24 /* libz.dylib */,
				BBBAB32A14D87F0A00FC652C /* packer */,
				BBBAB32814D87F0A00FC652C /* Products */,
			);
			sourceTree = "<group>";
		};
		BBBAB32814D87F0A00FC652C /* Products */ = {
			isa = PBXGroup;
			children = (
				BBBAB32714D87F0A00FC652C /* packer */,
			);
			name = Products;
			sourceTree = "<group>";
		};
		BBBAB32A14D87F0A00FC652C /* packer */ = {
			isa = PBXGroup;
			children = (
				BBBAB32B14D87F0A00FC652C /* main.cpp */,
			);
			path = packer;
			sourceTree = "<group>";
		};
/* End PBXGroup section */

/* Begin PBXNativeTarget section */
		BBBAB32614D87F0A00FC652C /* packer */ = {
			isa = PBXNativeTarget;
			buildConfigurationList = BBBAB33114D87F0A00FC652C /* Build configuration list for PBXNativeTarget "packer" */;
			buildPhases = (
				BBBAB32314D87F0A00FC652C /* Sources */,
				BBBAB32414D87F0A00FC652C /* Frameworks */,
				BBBAB32514D87F0A00FC652C /* CopyFiles */,
				BBBAB33D14D87F6E00FC652C /* ShellScript */,
			);
			buildRules = (
			);
			dependencies = (
			);
			name = packer;
			productName = packer;
			productReference = BBBAB32714D87F0A00FC652C /* packer */;
			productType = "com.apple.product-type.tool";
		};
/* End PBXNativeTarget section */

/* Begin PBXProject section */
		BBBAB31E14D87F0A00FC652C /* Project object */ = {
			isa = PBXProject;
			attributes = {
				LastUpgradeCheck = 0420;
			};
			buildConfigurationList = BBBAB32114D87F0A00FC652C /* Build configuration list for PBXProject "packer" */;
			compatibilityVersion = "Xcode 3.2";
			developmentRegion = English;
			hasScannedForEncodings = 0;
			knownRegions = (
				en,
			);
			mainGroup = BBBAB31C14D87F0A00FC652C;
			productRefGroup = BBBAB32814D87F0A00FC652C /* Products */;
			projectDirPath = "";
			projectRoot = "";
			targets = (
				BBBAB32614D87F0A00FC652C /* packer */,
			);
		};
/* End PBXProject section */

/* Begin PBXShellScriptBuildPhase section */
		BBBAB33D14D87F6E00FC652C /* ShellScript */ = {
			isa = PBXShellScriptBuildPhase;
			buildActionMask = 2147483647;
			files = (
			);
			inputPaths = (
			);
			outputPaths = (
			);
			runOnlyForDeploymentPostprocessing = 0;
			shellPath = /bin/sh;
			shellScript = "$CODESIGNING_FOLDER_PATH ../Injection \"gzip >injection.dat\" common.pm openProject.pl prepareBundle.pl openBundle.pl revertProject.pl listDevice.pl";
		};
/* End PBXShellScriptBuildPhase section */

/* Begin PBXSourcesBuildPhase section */
		BBBAB32314D87F0A00FC652C /* Sources */ = {
			isa = PBXSourcesBuildPhase;
			buildActionMask = 2147483647;
			files = (
				BBBAB32C14D87F0A00FC652C /* main.cpp in Sources */,
			);
			runOnlyForDeploymentPostprocessing = 0;
		};
/* End PBXSourcesBuildPhase section */

/* Begin XCBuildConfiguration section */
		BBBAB32F14D87F0A00FC652C /* Debug */ = {
			isa = XCBuildConfiguration;
			buildSettings = {
				ALWAYS_SEARCH_USER_PATHS = NO;
				ARCHS = "$(ARCHS_STANDARD_64_BIT)";
				COPY_PHASE_STRIP = NO;
				GCC_C_LANGUAGE_STANDARD = gnu99;
				GCC_DYNAMIC_NO_PIC = NO;
				GCC_ENABLE_OBJC_EXCEPTIONS = YES;
				GCC_OPTIMIZATION_LEVEL = 0;
				GCC_PREPROCESSOR_DEFINITIONS = (
					"DEBUG=1",
					"$(inherited)",
				);
				GCC_SYMBOLS_PRIVATE_EXTERN = NO;
				GCC_VERSION = com.apple.compilers.llvm.clang.1_0;
				GCC_WARN_64_TO_32_BIT_CONVERSION = YES;
				GCC_WARN_ABOUT_MISSING_PROTOTYPES = YES;
				GCC_WARN_ABOUT_RETURN_TYPE = YES;
				GCC_WARN_UNUSED_VARIABLE = YES;
				MACOSX_DEPLOYMENT_TARGET = 10.7;
				ONLY_ACTIVE_ARCH = YES;
				SDKROOT = macosx;
			};
			name = Debug;
		};
		BBBAB33014D87F0A00FC652C /* Release */ = {
			isa = XCBuildConfiguration;
			buildSettings = {
				ALWAYS_SEARCH_USER_PATHS = NO;
				ARCHS = "$(ARCHS_STANDARD_64_BIT)";
				COPY_PHASE_STRIP = YES;
				DEBUG_INFORMATION_FORMAT = "dwarf-with-dsym";
				GCC_C_LANGUAGE_STANDARD = gnu99;
				GCC_ENABLE_OBJC_EXCEPTIONS = YES;
				GCC_VERSION = com.apple.compilers.llvm.clang.1_0;
				GCC_WARN_64_TO_32_BIT_CONVERSION = YES;
				GCC_WARN_ABOUT_MISSING_PROTOTYPES = YES;
				GCC_WARN_ABOUT_RETURN_TYPE = YES;
				GCC_WARN_UNUSED_VARIABLE = YES;
				MACOSX_DEPLOYMENT_TARGET = 10.7;
				SDKROOT = macosx;
			};
			name = Release;
		};
		BBBAB33214D87F0A00FC652C /* Debug */ = {
			isa = XCBuildConfiguration;
			buildSettings = {
				ARCHS = "$(ARCHS_STANDARD_32_BIT)";
				MACOSX_DEPLOYMENT_TARGET = 10.6;
				PRODUCT_NAME = "$(TARGET_NAME)";
			};
			name = Debug;
		};
		BBBAB33314D87F0A00FC652C /* Release */ = {
			isa = XCBuildConfiguration;
			buildSettings = {
				ARCHS = "$(ARCHS_STANDARD_32_BIT)";
				MACOSX_DEPLOYMENT_TARGET = 10.6;
				PRODUCT_NAME = "$(TARGET_NAME)";
			};
			name = Release;
		};
/* End XCBuildConfiguration section */

/* Begin XCConfigurationList section */
		BBBAB32114D87F0A00FC652C /* Build configuration list for PBXProject "packer" */ = {
			isa = XCConfigurationList;
			buildConfigurations = (
				BBBAB32F14D87F0A00FC652C /* Debug */,
				BBBAB33014D87F0A00FC652C /* Release */,
			);
			defaultConfigurationIsVisible = 0;
			defaultConfigurationName = Release;
		};
		BBBAB33114D87F0A00FC652C /* Build configuration list for PBXNativeTarget "packer" */ = {
			isa = XCConfigurationList;
			buildConfigurations = (
				BBBAB33214D87F0A00FC652C /* Debug */,
				BBBAB33314D87F0A00FC652C /* Release */,
			);
			defaultConfigurationIsVisible = 0;
			defaultConfigurationName = Release;
		};
/* End XCConfigurationList section */
	};
	rootObject = BBBAB31E14D87F0A00FC652C /* Project object */;
}
