// !$*UTF8*$!
{
	archiveVersion = 1;
	classes = {
	};
	objectVersion = 46;
	objects = {

/* Begin PBXBuildFile section */
		BB38FF3D15652C7100921F8E /* WebKit.framework in Frameworks */ = {isa = PBXBuildFile; fileRef = BB38FF3A15652C5900921F8E /* WebKit.framework */; };
		BB836D4B14DE3B610064F4F9 /* Quartz.framework in Frameworks */ = {isa = PBXBuildFile; fileRef = BB836D4814DE3B610064F4F9 /* Quartz.framework */; };
		BB836D4C14DE3B610064F4F9 /* QuartzCore.framework in Frameworks */ = {isa = PBXBuildFile; fileRef = BB836D4914DE3B610064F4F9 /* QuartzCore.framework */; };
		BB836D5014DE3B750064F4F9 /* OpenGL.framework in Frameworks */ = {isa = PBXBuildFile; fileRef = BB836D4F14DE3B750064F4F9 /* OpenGL.framework */; };
		BBC55D8E14C4ED1500C41CA1 /* Cocoa.framework in Frameworks */ = {isa = PBXBuildFile; fileRef = BBC55D8D14C4ED1500C41CA1 /* Cocoa.framework */; };
		BBC7A4A816A57FF700B90868 /* BundleContents.m in Sources */ = {isa = PBXBuildFile; fileRef = BBC7A4A716A57FF700B90868 /* BundleContents.m */; };
/* End PBXBuildFile section */

/* Begin PBXFileReference section */
		BB2B840517DD31FA0061BBB6 /* BundleContents.h */ = {isa = PBXFileReference; fileEncoding = 4; lastKnownFileType = sourcecode.c.h; path = BundleContents.h; sourceTree = SOURCE_ROOT; };
		BB38FF3A15652C5900921F8E /* WebKit.framework */ = {isa = PBXFileReference; lastKnownFileType = wrapper.framework; name = WebKit.framework; path = System/Library/Frameworks/WebKit.framework; sourceTree = SDKROOT; };
		BB836D4814DE3B610064F4F9 /* Quartz.framework */ = {isa = PBXFileReference; lastKnownFileType = wrapper.framework; name = Quartz.framework; path = System/Library/Frameworks/Quartz.framework; sourceTree = SDKROOT; };
		BB836D4914DE3B610064F4F9 /* QuartzCore.framework */ = {isa = PBXFileReference; lastKnownFileType = wrapper.framework; name = QuartzCore.framework; path = System/Library/Frameworks/QuartzCore.framework; sourceTree = SDKROOT; };
		BB836D4F14DE3B750064F4F9 /* OpenGL.framework */ = {isa = PBXFileReference; lastKnownFileType = wrapper.framework; name = OpenGL.framework; path = System/Library/Frameworks/OpenGL.framework; sourceTree = SDKROOT; };
		BBC55D8A14C4ED1500C41CA1 /* InjectionBundle.bundle */ = {isa = PBXFileReference; explicitFileType = wrapper.cfbundle; includeInIndex = 0; path = InjectionBundle.bundle; sourceTree = BUILT_PRODUCTS_DIR; };
		BBC55D8D14C4ED1500C41CA1 /* Cocoa.framework */ = {isa = PBXFileReference; lastKnownFileType = wrapper.framework; name = Cocoa.framework; path = System/Library/Frameworks/Cocoa.framework; sourceTree = SDKROOT; };
		BBC55D9014C4ED1500C41CA1 /* AppKit.framework */ = {isa = PBXFileReference; lastKnownFileType = wrapper.framework; name = AppKit.framework; path = System/Library/Frameworks/AppKit.framework; sourceTree = SDKROOT; };
		BBC55D9114C4ED1500C41CA1 /* CoreData.framework */ = {isa = PBXFileReference; lastKnownFileType = wrapper.framework; name = CoreData.framework; path = System/Library/Frameworks/CoreData.framework; sourceTree = SDKROOT; };
		BBC55D9214C4ED1500C41CA1 /* Foundation.framework */ = {isa = PBXFileReference; lastKnownFileType = wrapper.framework; name = Foundation.framework; path = System/Library/Frameworks/Foundation.framework; sourceTree = SDKROOT; };
		BBC55D9514C4ED1500C41CA1 /* InjectionBundle-Info.plist */ = {isa = PBXFileReference; lastKnownFileType = text.plist.xml; path = "InjectionBundle-Info.plist"; sourceTree = "<group>"; };
		BBC55D9914C4ED1500C41CA1 /* InjectionBundle-Prefix.pch */ = {isa = PBXFileReference; lastKnownFileType = sourcecode.c.h; path = "InjectionBundle-Prefix.pch"; sourceTree = "<group>"; };
		BBC7A4A716A57FF700B90868 /* BundleContents.m */ = {isa = PBXFileReference; explicitFileType = sourcecode.c.objc; fileEncoding = 4; path = BundleContents.m; sourceTree = SOURCE_ROOT; };
/* End PBXFileReference section */

/* Begin PBXFrameworksBuildPhase section */
		BBC55D8714C4ED1500C41CA1 /* Frameworks */ = {
			isa = PBXFrameworksBuildPhase;
			buildActionMask = 2147483647;
			files = (
				BB38FF3D15652C7100921F8E /* WebKit.framework in Frameworks */,
				BB836D5014DE3B750064F4F9 /* OpenGL.framework in Frameworks */,
				BB836D4B14DE3B610064F4F9 /* Quartz.framework in Frameworks */,
				BB836D4C14DE3B610064F4F9 /* QuartzCore.framework in Frameworks */,
				BBC55D8E14C4ED1500C41CA1 /* Cocoa.framework in Frameworks */,
			);
			runOnlyForDeploymentPostprocessing = 0;
		};
/* End PBXFrameworksBuildPhase section */

/* Begin PBXGroup section */
		BBC55D7F14C4ED1500C41CA1 = {
			isa = PBXGroup;
			children = (
				BBC55D9314C4ED1500C41CA1 /* InjectionBundle */,
				BBC55D8C14C4ED1500C41CA1 /* Frameworks */,
				BBC55D8B14C4ED1500C41CA1 /* Products */,
			);
			sourceTree = "<group>";
		};
		BBC55D8B14C4ED1500C41CA1 /* Products */ = {
			isa = PBXGroup;
			children = (
				BBC55D8A14C4ED1500C41CA1 /* InjectionBundle.bundle */,
			);
			name = Products;
			sourceTree = "<group>";
		};
		BBC55D8C14C4ED1500C41CA1 /* Frameworks */ = {
			isa = PBXGroup;
			children = (
				BBC55D8D14C4ED1500C41CA1 /* Cocoa.framework */,
				BBC55D8F14C4ED1500C41CA1 /* Other Frameworks */,
			);
			name = Frameworks;
			sourceTree = "<group>";
		};
		BBC55D8F14C4ED1500C41CA1 /* Other Frameworks */ = {
			isa = PBXGroup;
			children = (
				BB38FF3A15652C5900921F8E /* WebKit.framework */,
				BB836D4F14DE3B750064F4F9 /* OpenGL.framework */,
				BB836D4814DE3B610064F4F9 /* Quartz.framework */,
				BB836D4914DE3B610064F4F9 /* QuartzCore.framework */,
				BBC55D9014C4ED1500C41CA1 /* AppKit.framework */,
				BBC55D9114C4ED1500C41CA1 /* CoreData.framework */,
				BBC55D9214C4ED1500C41CA1 /* Foundation.framework */,
			);
			name = "Other Frameworks";
			sourceTree = "<group>";
		};
		BBC55D9314C4ED1500C41CA1 /* InjectionBundle */ = {
			isa = PBXGroup;
			children = (
				BB2B840517DD31FA0061BBB6 /* BundleContents.h */,
				BBC7A4A716A57FF700B90868 /* BundleContents.m */,
				BBC55D9414C4ED1500C41CA1 /* Supporting Files */,
			);
			path = InjectionBundle;
			sourceTree = "<group>";
		};
		BBC55D9414C4ED1500C41CA1 /* Supporting Files */ = {
			isa = PBXGroup;
			children = (
				BBC55D9514C4ED1500C41CA1 /* InjectionBundle-Info.plist */,
				BBC55D9914C4ED1500C41CA1 /* InjectionBundle-Prefix.pch */,
			);
			name = "Supporting Files";
			sourceTree = "<group>";
		};
/* End PBXGroup section */

/* Begin PBXNativeTarget section */
		BBC55D8914C4ED1500C41CA1 /* InjectionBundle */ = {
			isa = PBXNativeTarget;
			buildConfigurationList = BBC55D9C14C4ED1500C41CA1 /* Build configuration list for PBXNativeTarget "InjectionBundle" */;
			buildPhases = (
				BBC55D8614C4ED1500C41CA1 /* Sources */,
				BBC55D8714C4ED1500C41CA1 /* Frameworks */,
				BBC55D8814C4ED1500C41CA1 /* Resources */,
			);
			buildRules = (
			);
			dependencies = (
			);
			name = InjectionBundle;
			productName = InjectionBundle;
			productReference = BBC55D8A14C4ED1500C41CA1 /* InjectionBundle.bundle */;
			productType = "com.apple.product-type.bundle";
		};
/* End PBXNativeTarget section */

/* Begin PBXProject section */
		BBC55D8114C4ED1500C41CA1 /* Project object */ = {
			isa = PBXProject;
			attributes = {
				LastUpgradeCheck = 0420;
			};
			buildConfigurationList = BBC55D8414C4ED1500C41CA1 /* Build configuration list for PBXProject "InjectionBundle" */;
			compatibilityVersion = "Xcode 3.2";
			developmentRegion = English;
			hasScannedForEncodings = 0;
			knownRegions = (
				en,
			);
			mainGroup = BBC55D7F14C4ED1500C41CA1;
			productRefGroup = BBC55D8B14C4ED1500C41CA1 /* Products */;
			projectDirPath = "";
			projectRoot = "";
			targets = (
				BBC55D8914C4ED1500C41CA1 /* InjectionBundle */,
			);
		};
/* End PBXProject section */

/* Begin PBXResourcesBuildPhase section */
		BBC55D8814C4ED1500C41CA1 /* Resources */ = {
			isa = PBXResourcesBuildPhase;
			buildActionMask = 2147483647;
			files = (
			);
			runOnlyForDeploymentPostprocessing = 0;
		};
/* End PBXResourcesBuildPhase section */

/* Begin PBXSourcesBuildPhase section */
		BBC55D8614C4ED1500C41CA1 /* Sources */ = {
			isa = PBXSourcesBuildPhase;
			buildActionMask = 2147483647;
			files = (
				BBC7A4A816A57FF700B90868 /* BundleContents.m in Sources */,
			);
			runOnlyForDeploymentPostprocessing = 0;
		};
/* End PBXSourcesBuildPhase section */

/* Begin XCBuildConfiguration section */
		BBC55D9A14C4ED1500C41CA1 /* Debug */ = {
			isa = XCBuildConfiguration;
			buildSettings = {
				ALWAYS_SEARCH_USER_PATHS = NO;
				ARCHS = "$(ARCHS_STANDARD_32_64_BIT)";
				CLANG_CXX_LANGUAGE_STANDARD = "compiler-default";
				CLANG_CXX_LIBRARY = "compiler-default";
				CLANG_ENABLE_MODULES = YES;
				CLANG_ENABLE_OBJC_ARC = NO;
				COPY_PHASE_STRIP = NO;
				GCC_C_LANGUAGE_STANDARD = gnu99;
				GCC_DYNAMIC_NO_PIC = NO;
				GCC_ENABLE_OBJC_EXCEPTIONS = YES;
				GCC_ENABLE_OBJC_GC = unsupported;
				GCC_OPTIMIZATION_LEVEL = 1;
				GCC_PREPROCESSOR_DEFINITIONS = (
					"DEBUG=1",
					"$(inherited)",
				);
				GCC_SYMBOLS_PRIVATE_EXTERN = NO;
				GCC_VERSION = "";
				GCC_WARN_64_TO_32_BIT_CONVERSION = YES;
				GCC_WARN_ABOUT_MISSING_PROTOTYPES = YES;
				GCC_WARN_ABOUT_RETURN_TYPE = YES;
				GCC_WARN_UNUSED_VARIABLE = YES;
				HEADER_SEARCH_PATHS = $SDKROOT/usr/include/libxml2;
				MACOSX_DEPLOYMENT_TARGET = 10.6;
				ONLY_ACTIVE_ARCH = YES;
				OTHER_CFLAGS = "";
				OTHER_LDFLAGS = (
					"-undefined",
					dynamic_lookup,
				);
				SDKROOT = macosx;
				USER_HEADER_SEARCH_PATHS = ..;
				VALID_ARCHS = "$(ARCHS_STANDARD_32_64_BIT)";
			};
			name = Debug;
		};
		BBC55D9B14C4ED1500C41CA1 /* Release */ = {
			isa = XCBuildConfiguration;
			buildSettings = {
				ALWAYS_SEARCH_USER_PATHS = NO;
				ARCHS = "$(ARCHS_STANDARD_32_64_BIT)";
				CLANG_CXX_LANGUAGE_STANDARD = "compiler-default";
				CLANG_CXX_LIBRARY = "compiler-default";
				CLANG_ENABLE_MODULES = YES;
				CLANG_ENABLE_OBJC_ARC = NO;
				COPY_PHASE_STRIP = YES;
				DEBUG_INFORMATION_FORMAT = "dwarf-with-dsym";
				GCC_C_LANGUAGE_STANDARD = gnu99;
				GCC_ENABLE_OBJC_EXCEPTIONS = YES;
				GCC_ENABLE_OBJC_GC = unsupported;
				GCC_VERSION = "";
				GCC_WARN_64_TO_32_BIT_CONVERSION = YES;
				GCC_WARN_ABOUT_MISSING_PROTOTYPES = YES;
				GCC_WARN_ABOUT_RETURN_TYPE = YES;
				GCC_WARN_UNUSED_VARIABLE = YES;
				HEADER_SEARCH_PATHS = $SDKROOT/usr/include/libxml2;
				MACOSX_DEPLOYMENT_TARGET = 10.6;
				OTHER_CFLAGS = "";
				OTHER_LDFLAGS = (
					"-undefined",
					dynamic_lookup,
				);
				SDKROOT = macosx;
				USER_HEADER_SEARCH_PATHS = ..;
				VALID_ARCHS = "$(ARCHS_STANDARD_32_64_BIT)";
			};
			name = Release;
		};
		BBC55D9D14C4ED1500C41CA1 /* Debug */ = {
			isa = XCBuildConfiguration;
			buildSettings = {
				GCC_PRECOMPILE_PREFIX_HEADER = YES;
				GCC_PREFIX_HEADER = "InjectionBundle-Prefix.pch";
				INFOPLIST_FILE = "InjectionBundle-Info.plist";
				INSTALL_PATH = "$(LOCAL_LIBRARY_DIR)/Bundles";
				PRODUCT_NAME = "$(TARGET_NAME)";
				WRAPPER_EXTENSION = bundle;
			};
			name = Debug;
		};
		BBC55D9E14C4ED1500C41CA1 /* Release */ = {
			isa = XCBuildConfiguration;
			buildSettings = {
				GCC_PRECOMPILE_PREFIX_HEADER = YES;
				GCC_PREFIX_HEADER = "InjectionBundle-Prefix.pch";
				INFOPLIST_FILE = "InjectionBundle-Info.plist";
				INSTALL_PATH = "$(LOCAL_LIBRARY_DIR)/Bundles";
				PRODUCT_NAME = "$(TARGET_NAME)";
				WRAPPER_EXTENSION = bundle;
			};
			name = Release;
		};
/* End XCBuildConfiguration section */

/* Begin XCConfigurationList section */
		BBC55D8414C4ED1500C41CA1 /* Build configuration list for PBXProject "InjectionBundle" */ = {
			isa = XCConfigurationList;
			buildConfigurations = (
				BBC55D9A14C4ED1500C41CA1 /* Debug */,
				BBC55D9B14C4ED1500C41CA1 /* Release */,
			);
			defaultConfigurationIsVisible = 0;
			defaultConfigurationName = Release;
		};
		BBC55D9C14C4ED1500C41CA1 /* Build configuration list for PBXNativeTarget "InjectionBundle" */ = {
			isa = XCConfigurationList;
			buildConfigurations = (
				BBC55D9D14C4ED1500C41CA1 /* Debug */,
				BBC55D9E14C4ED1500C41CA1 /* Release */,
			);
			defaultConfigurationIsVisible = 0;
			defaultConfigurationName = Release;
		};
/* End XCConfigurationList section */
	};
	rootObject = BBC55D8114C4ED1500C41CA1 /* Project object */;
}
