// !$*UTF8*$!
{
	archiveVersion = 1;
	classes = {
	};
	objectVersion = 46;
	objects = {

/* Begin PBXBuildFile section */
		BB4B347B1B058B290036C603 /* unhide in CopyFiles */ = {isa = PBXBuildFile; fileRef = BBB499A11B03B11000FF5818 /* unhide */; };
		BB4B347E1B058BB70036C603 /* unhide.sh in CopyFiles */ = {isa = PBXBuildFile; fileRef = BB4B347D1B058B580036C603 /* unhide.sh */; };
		BB8101611B0566B600C70EE6 /* main.mm in Sources */ = {isa = PBXBuildFile; fileRef = BB8101601B0566B600C70EE6 /* main.mm */; };
/* End PBXBuildFile section */

/* Begin PBXCopyFilesBuildPhase section */
		BBB4999F1B03B11000FF5818 /* CopyFiles */ = {
			isa = PBXCopyFilesBuildPhase;
			buildActionMask = 12;
			dstPath = "~/bin";
			dstSubfolderSpec = 0;
			files = (
				BB4B347E1B058BB70036C603 /* unhide.sh in CopyFiles */,
				BB4B347B1B058B290036C603 /* unhide in CopyFiles */,
			);
			runOnlyForDeploymentPostprocessing = 0;
		};
/* End PBXCopyFilesBuildPhase section */

/* Begin PBXFileReference section */
		BB4B347D1B058B580036C603 /* unhide.sh */ = {isa = PBXFileReference; lastKnownFileType = text.script.sh; path = unhide.sh; sourceTree = SOURCE_ROOT; };
		BB4B347F1B0607100036C603 /* README.md */ = {isa = PBXFileReference; fileEncoding = 4; lastKnownFileType = net.daringfireball.markdown; path = README.md; sourceTree = "<group>"; };
		BB8101601B0566B600C70EE6 /* main.mm */ = {isa = PBXFileReference; fileEncoding = 4; lastKnownFileType = sourcecode.cpp.objcpp; path = main.mm; sourceTree = SOURCE_ROOT; };
		BBB499A11B03B11000FF5818 /* unhide */ = {isa = PBXFileReference; explicitFileType = "compiled.mach-o.executable"; includeInIndex = 0; path = unhide; sourceTree = BUILT_PRODUCTS_DIR; };
/* End PBXFileReference section */

/* Begin PBXFrameworksBuildPhase section */
		BBB4999E1B03B11000FF5818 /* Frameworks */ = {
			isa = PBXFrameworksBuildPhase;
			buildActionMask = 2147483647;
			files = (
			);
			runOnlyForDeploymentPostprocessing = 0;
		};
/* End PBXFrameworksBuildPhase section */

/* Begin PBXGroup section */
		BBB499981B03B11000FF5818 = {
			isa = PBXGroup;
			children = (
				BB4B347F1B0607100036C603 /* README.md */,
				BBB499A31B03B11000FF5818 /* unhide */,
				BBB499A21B03B11000FF5818 /* Products */,
			);
			sourceTree = "<group>";
		};
		BBB499A21B03B11000FF5818 /* Products */ = {
			isa = PBXGroup;
			children = (
				BBB499A11B03B11000FF5818 /* unhide */,
			);
			name = Products;
			sourceTree = "<group>";
		};
		BBB499A31B03B11000FF5818 /* unhide */ = {
			isa = PBXGroup;
			children = (
				BB8101601B0566B600C70EE6 /* main.mm */,
				BB4B347D1B058B580036C603 /* unhide.sh */,
			);
			path = unhide;
			sourceTree = "<group>";
		};
/* End PBXGroup section */

/* Begin PBXNativeTarget section */
		BBB499A01B03B11000FF5818 /* unhide */ = {
			isa = PBXNativeTarget;
			buildConfigurationList = BBB499A81B03B11000FF5818 /* Build configuration list for PBXNativeTarget "unhide" */;
			buildPhases = (
				BBB4999D1B03B11000FF5818 /* Sources */,
				BBB4999E1B03B11000FF5818 /* Frameworks */,
				BBB4999F1B03B11000FF5818 /* CopyFiles */,
			);
			buildRules = (
			);
			dependencies = (
			);
			name = unhide;
			productName = unhide;
			productReference = BBB499A11B03B11000FF5818 /* unhide */;
			productType = "com.apple.product-type.tool";
		};
/* End PBXNativeTarget section */

/* Begin PBXProject section */
		BBB499991B03B11000FF5818 /* Project object */ = {
			isa = PBXProject;
			attributes = {
				LastUpgradeCheck = 0640;
				ORGANIZATIONNAME = "John Holdsworth";
				TargetAttributes = {
					BBB499A01B03B11000FF5818 = {
						CreatedOnToolsVersion = 6.4;
					};
				};
			};
			buildConfigurationList = BBB4999C1B03B11000FF5818 /* Build configuration list for PBXProject "unhide" */;
			compatibilityVersion = "Xcode 3.2";
			developmentRegion = English;
			hasScannedForEncodings = 0;
			knownRegions = (
				en,
			);
			mainGroup = BBB499981B03B11000FF5818;
			productRefGroup = BBB499A21B03B11000FF5818 /* Products */;
			projectDirPath = "";
			projectRoot = "";
			targets = (
				BBB499A01B03B11000FF5818 /* unhide */,
			);
		};
/* End PBXProject section */

/* Begin PBXSourcesBuildPhase section */
		BBB4999D1B03B11000FF5818 /* Sources */ = {
			isa = PBXSourcesBuildPhase;
			buildActionMask = 2147483647;
			files = (
				BB8101611B0566B600C70EE6 /* main.mm in Sources */,
			);
			runOnlyForDeploymentPostprocessing = 0;
		};
/* End PBXSourcesBuildPhase section */

/* Begin XCBuildConfiguration section */
		BBB499A61B03B11000FF5818 /* Debug */ = {
			isa = XCBuildConfiguration;
			buildSettings = {
				ALWAYS_SEARCH_USER_PATHS = NO;
				CLANG_CXX_LANGUAGE_STANDARD = "gnu++0x";
				CLANG_CXX_LIBRARY = "libc++";
				CLANG_ENABLE_MODULES = YES;
				CLANG_ENABLE_OBJC_ARC = YES;
				CLANG_WARN_BOOL_CONVERSION = YES;
				CLANG_WARN_CONSTANT_CONVERSION = YES;
				CLANG_WARN_DIRECT_OBJC_ISA_USAGE = YES_ERROR;
				CLANG_WARN_EMPTY_BODY = YES;
				CLANG_WARN_ENUM_CONVERSION = YES;
				CLANG_WARN_INT_CONVERSION = YES;
				CLANG_WARN_OBJC_ROOT_CLASS = YES_ERROR;
				CLANG_WARN_UNREACHABLE_CODE = YES;
				CLANG_WARN__DUPLICATE_METHOD_MATCH = YES;
				COPY_PHASE_STRIP = NO;
				DEBUG_INFORMATION_FORMAT = dwarf;
				ENABLE_STRICT_OBJC_MSGSEND = YES;
				GCC_C_LANGUAGE_STANDARD = gnu99;
				GCC_DYNAMIC_NO_PIC = NO;
				GCC_NO_COMMON_BLOCKS = YES;
				GCC_OPTIMIZATION_LEVEL = 0;
				GCC_PREPROCESSOR_DEFINITIONS = (
					"DEBUG=1",
					"$(inherited)",
				);
				GCC_SYMBOLS_PRIVATE_EXTERN = NO;
				GCC_WARN_64_TO_32_BIT_CONVERSION = YES;
				GCC_WARN_ABOUT_RETURN_TYPE = YES_ERROR;
				GCC_WARN_UNDECLARED_SELECTOR = YES;
				GCC_WARN_UNINITIALIZED_AUTOS = YES_AGGRESSIVE;
				GCC_WARN_UNUSED_FUNCTION = YES;
				GCC_WARN_UNUSED_VARIABLE = YES;
				MACOSX_DEPLOYMENT_TARGET = 10.10;
				MTL_ENABLE_DEBUG_INFO = YES;
				ONLY_ACTIVE_ARCH = YES;
				SDKROOT = macosx;
			};
			name = Debug;
		};
		BBB499A71B03B11000FF5818 /* Release */ = {
			isa = XCBuildConfiguration;
			buildSettings = {
				ALWAYS_SEARCH_USER_PATHS = NO;
				CLANG_CXX_LANGUAGE_STANDARD = "gnu++0x";
				CLANG_CXX_LIBRARY = "libc++";
				CLANG_ENABLE_MODULES = YES;
				CLANG_ENABLE_OBJC_ARC = YES;
				CLANG_WARN_BOOL_CONVERSION = YES;
				CLANG_WARN_CONSTANT_CONVERSION = YES;
				CLANG_WARN_DIRECT_OBJC_ISA_USAGE = YES_ERROR;
				CLANG_WARN_EMPTY_BODY = YES;
				CLANG_WARN_ENUM_CONVERSION = YES;
				CLANG_WARN_INT_CONVERSION = YES;
				CLANG_WARN_OBJC_ROOT_CLASS = YES_ERROR;
				CLANG_WARN_UNREACHABLE_CODE = YES;
				CLANG_WARN__DUPLICATE_METHOD_MATCH = YES;
				COPY_PHASE_STRIP = NO;
				DEBUG_INFORMATION_FORMAT = "dwarf-with-dsym";
				ENABLE_NS_ASSERTIONS = NO;
				ENABLE_STRICT_OBJC_MSGSEND = YES;
				GCC_C_LANGUAGE_STANDARD = gnu99;
				GCC_NO_COMMON_BLOCKS = YES;
				GCC_WARN_64_TO_32_BIT_CONVERSION = YES;
				GCC_WARN_ABOUT_RETURN_TYPE = YES_ERROR;
				GCC_WARN_UNDECLARED_SELECTOR = YES;
				GCC_WARN_UNINITIALIZED_AUTOS = YES_AGGRESSIVE;
				GCC_WARN_UNUSED_FUNCTION = YES;
				GCC_WARN_UNUSED_VARIABLE = YES;
				MACOSX_DEPLOYMENT_TARGET = 10.10;
				MTL_ENABLE_DEBUG_INFO = NO;
				SDKROOT = macosx;
			};
			name = Release;
		};
		BBB499A91B03B11000FF5818 /* Debug */ = {
			isa = XCBuildConfiguration;
			buildSettings = {
				PRODUCT_NAME = "$(TARGET_NAME)";
			};
			name = Debug;
		};
		BBB499AA1B03B11000FF5818 /* Release */ = {
			isa = XCBuildConfiguration;
			buildSettings = {
				PRODUCT_NAME = "$(TARGET_NAME)";
			};
			name = Release;
		};
/* End XCBuildConfiguration section */

/* Begin XCConfigurationList section */
		BBB4999C1B03B11000FF5818 /* Build configuration list for PBXProject "unhide" */ = {
			isa = XCConfigurationList;
			buildConfigurations = (
				BBB499A61B03B11000FF5818 /* Debug */,
				BBB499A71B03B11000FF5818 /* Release */,
			);
			defaultConfigurationIsVisible = 0;
			defaultConfigurationName = Release;
		};
		BBB499A81B03B11000FF5818 /* Build configuration list for PBXNativeTarget "unhide" */ = {
			isa = XCConfigurationList;
			buildConfigurations = (
				BBB499A91B03B11000FF5818 /* Debug */,
				BBB499AA1B03B11000FF5818 /* Release */,
			);
			defaultConfigurationIsVisible = 0;
			defaultConfigurationName = Release;
		};
/* End XCConfigurationList section */
	};
	rootObject = BBB499991B03B11000FF5818 /* Project object */;
}
