// !$*UTF8*$!
{
	archiveVersion = 1;
	classes = {
	};
	objectVersion = 46;
	objects = {

/* Begin PBXBuildFile section */
		BB3FC289155F2D5F007AA89B /* Icon.png in Resources */ = {isa = PBXBuildFile; fileRef = BB3FC288155F2D5F007AA89B /* Icon.png */; };
		BB82EB41156C367E00E7A6FB /* INViewController.xib in Resources */ = {isa = PBXBuildFile; fileRef = BB82EB3F156C367E00E7A6FB /* INViewController.xib */; };
		BBBA5B22155EB59000421DA4 /* UIKit.framework in Frameworks */ = {isa = PBXBuildFile; fileRef = BBBA5B21155EB59000421DA4 /* UIKit.framework */; };
		BBBA5B24155EB59000421DA4 /* Foundation.framework in Frameworks */ = {isa = PBXBuildFile; fileRef = BBBA5B23155EB59000421DA4 /* Foundation.framework */; };
		BBBA5B26155EB59000421DA4 /* CoreGraphics.framework in Frameworks */ = {isa = PBXBuildFile; fileRef = BBBA5B25155EB59000421DA4 /* CoreGraphics.framework */; };
		BBBA5B2C155EB59000421DA4 /* InfoPlist.strings in Resources */ = {isa = PBXBuildFile; fileRef = BBBA5B2A155EB59000421DA4 /* InfoPlist.strings */; };
		BBBA5B2E155EB59000421DA4 /* main.m in Sources */ = {isa = PBXBuildFile; fileRef = BBBA5B2D155EB59000421DA4 /* main.m */; };
		BBBA5B32155EB59000421DA4 /* INAppDelegate.m in Sources */ = {isa = PBXBuildFile; fileRef = BBBA5B31155EB59000421DA4 /* INAppDelegate.m */; };
		BBBA5B3B155EB59000421DA4 /* INViewController.m in Sources */ = {isa = PBXBuildFile; fileRef = BBBA5B3A155EB59000421DA4 /* INViewController.m */; };
		BBBA5B43155EB5D300421DA4 /* INRoseView.m in Sources */ = {isa = PBXBuildFile; fileRef = BBBA5B42155EB5D300421DA4 /* INRoseView.m */; };
/* End PBXBuildFile section */

/* Begin PBXFileReference section */
		BB3FC288155F2D5F007AA89B /* Icon.png */ = {isa = PBXFileReference; lastKnownFileType = image.png; path = Icon.png; sourceTree = "<group>"; };
		BB82EB40156C367E00E7A6FB /* en */ = {isa = PBXFileReference; lastKnownFileType = file.xib; name = en; path = en.lproj/INViewController.xib; sourceTree = "<group>"; };
		BBBA5B1D155EB59000421DA4 /* InjectionDemo.app */ = {isa = PBXFileReference; explicitFileType = wrapper.application; includeInIndex = 0; path = InjectionDemo.app; sourceTree = BUILT_PRODUCTS_DIR; };
		BBBA5B21155EB59000421DA4 /* UIKit.framework */ = {isa = PBXFileReference; lastKnownFileType = wrapper.framework; name = UIKit.framework; path = System/Library/Frameworks/UIKit.framework; sourceTree = SDKROOT; };
		BBBA5B23155EB59000421DA4 /* Foundation.framework */ = {isa = PBXFileReference; lastKnownFileType = wrapper.framework; name = Foundation.framework; path = System/Library/Frameworks/Foundation.framework; sourceTree = SDKROOT; };
		BBBA5B25155EB59000421DA4 /* CoreGraphics.framework */ = {isa = PBXFileReference; lastKnownFileType = wrapper.framework; name = CoreGraphics.framework; path = System/Library/Frameworks/CoreGraphics.framework; sourceTree = SDKROOT; };
		BBBA5B29155EB59000421DA4 /* InjectionDemo-Info.plist */ = {isa = PBXFileReference; lastKnownFileType = text.plist.xml; path = "InjectionDemo-Info.plist"; sourceTree = "<group>"; };
		BBBA5B2B155EB59000421DA4 /* en */ = {isa = PBXFileReference; lastKnownFileType = text.plist.strings; name = en; path = en.lproj/InfoPlist.strings; sourceTree = "<group>"; };
		BBBA5B2D155EB59000421DA4 /* main.m */ = {isa = PBXFileReference; lastKnownFileType = sourcecode.c.objc; path = main.m; sourceTree = "<group>"; };
		BBBA5B2F155EB59000421DA4 /* InjectionDemo-Prefix.pch */ = {isa = PBXFileReference; lastKnownFileType = sourcecode.c.h; path = "InjectionDemo-Prefix.pch"; sourceTree = "<group>"; };
		BBBA5B30155EB59000421DA4 /* INAppDelegate.h */ = {isa = PBXFileReference; lastKnownFileType = sourcecode.c.h; path = INAppDelegate.h; sourceTree = "<group>"; };
		BBBA5B31155EB59000421DA4 /* INAppDelegate.m */ = {isa = PBXFileReference; lastKnownFileType = sourcecode.c.objc; path = INAppDelegate.m; sourceTree = "<group>"; };
		BBBA5B39155EB59000421DA4 /* INViewController.h */ = {isa = PBXFileReference; lastKnownFileType = sourcecode.c.h; path = INViewController.h; sourceTree = "<group>"; };
		BBBA5B3A155EB59000421DA4 /* INViewController.m */ = {isa = PBXFileReference; lastKnownFileType = sourcecode.c.objc; path = INViewController.m; sourceTree = "<group>"; };
		BBBA5B41155EB5D300421DA4 /* INRoseView.h */ = {isa = PBXFileReference; fileEncoding = 4; lastKnownFileType = sourcecode.c.h; path = INRoseView.h; sourceTree = "<group>"; };
		BBBA5B42155EB5D300421DA4 /* INRoseView.m */ = {isa = PBXFileReference; fileEncoding = 4; lastKnownFileType = sourcecode.c.objc; path = INRoseView.m; sourceTree = "<group>"; };
/* End PBXFileReference section */

/* Begin PBXFrameworksBuildPhase section */
		BBBA5B1A155EB59000421DA4 /* Frameworks */ = {
			isa = PBXFrameworksBuildPhase;
			buildActionMask = 2147483647;
			files = (
				BBBA5B22155EB59000421DA4 /* UIKit.framework in Frameworks */,
				BBBA5B24155EB59000421DA4 /* Foundation.framework in Frameworks */,
				BBBA5B26155EB59000421DA4 /* CoreGraphics.framework in Frameworks */,
			);
			runOnlyForDeploymentPostprocessing = 0;
		};
/* End PBXFrameworksBuildPhase section */

/* Begin PBXGroup section */
		BBBA5B12155EB59000421DA4 = {
			isa = PBXGroup;
			children = (
				BBBA5B27155EB59000421DA4 /* InjectionDemo */,
				BBBA5B20155EB59000421DA4 /* Frameworks */,
				BBBA5B1E155EB59000421DA4 /* Products */,
			);
			sourceTree = "<group>";
		};
		BBBA5B1E155EB59000421DA4 /* Products */ = {
			isa = PBXGroup;
			children = (
				BBBA5B1D155EB59000421DA4 /* InjectionDemo.app */,
			);
			name = Products;
			sourceTree = "<group>";
		};
		BBBA5B20155EB59000421DA4 /* Frameworks */ = {
			isa = PBXGroup;
			children = (
				BBBA5B21155EB59000421DA4 /* UIKit.framework */,
				BBBA5B23155EB59000421DA4 /* Foundation.framework */,
				BBBA5B25155EB59000421DA4 /* CoreGraphics.framework */,
			);
			name = Frameworks;
			sourceTree = "<group>";
		};
		BBBA5B27155EB59000421DA4 /* InjectionDemo */ = {
			isa = PBXGroup;
			children = (
				BBBA5B41155EB5D300421DA4 /* INRoseView.h */,
				BBBA5B42155EB5D300421DA4 /* INRoseView.m */,
				BBBA5B30155EB59000421DA4 /* INAppDelegate.h */,
				BBBA5B31155EB59000421DA4 /* INAppDelegate.m */,
				BBBA5B39155EB59000421DA4 /* INViewController.h */,
				BBBA5B3A155EB59000421DA4 /* INViewController.m */,
				BB82EB3F156C367E00E7A6FB /* INViewController.xib */,
				BBBA5B28155EB59000421DA4 /* Supporting Files */,
			);
			path = InjectionDemo;
			sourceTree = "<group>";
		};
		BBBA5B28155EB59000421DA4 /* Supporting Files */ = {
			isa = PBXGroup;
			children = (
				BBBA5B2F155EB59000421DA4 /* InjectionDemo-Prefix.pch */,
				BBBA5B29155EB59000421DA4 /* InjectionDemo-Info.plist */,
				BBBA5B2A155EB59000421DA4 /* InfoPlist.strings */,
				BBBA5B2D155EB59000421DA4 /* main.m */,
				BB3FC288155F2D5F007AA89B /* Icon.png */,
			);
			name = "Supporting Files";
			sourceTree = "<group>";
		};
/* End PBXGroup section */

/* Begin PBXNativeTarget section */
		BBBA5B1C155EB59000421DA4 /* InjectionDemo */ = {
			isa = PBXNativeTarget;
			buildConfigurationList = BBBA5B3E155EB59000421DA4 /* Build configuration list for PBXNativeTarget "InjectionDemo" */;
			buildPhases = (
				BBBA5B19155EB59000421DA4 /* Sources */,
				BBBA5B1A155EB59000421DA4 /* Frameworks */,
				BBBA5B1B155EB59000421DA4 /* Resources */,
				BB89E54D156082140039CFFF /* ShellScript */,
			);
			buildRules = (
			);
			dependencies = (
			);
			name = InjectionDemo;
			productName = InjectionDemo;
			productReference = BBBA5B1D155EB59000421DA4 /* InjectionDemo.app */;
			productType = "com.apple.product-type.application";
		};
/* End PBXNativeTarget section */

/* Begin PBXProject section */
		BBBA5B14155EB59000421DA4 /* Project object */ = {
			isa = PBXProject;
			attributes = {
				CLASSPREFIX = IN;
				LastUpgradeCheck = 0430;
			};
			buildConfigurationList = BBBA5B17155EB59000421DA4 /* Build configuration list for PBXProject "InjectionDemo" */;
			compatibilityVersion = "Xcode 3.2";
			developmentRegion = English;
			hasScannedForEncodings = 0;
			knownRegions = (
				en,
			);
			mainGroup = BBBA5B12155EB59000421DA4;
			productRefGroup = BBBA5B1E155EB59000421DA4 /* Products */;
			projectDirPath = "";
			projectRoot = "";
			targets = (
				BBBA5B1C155EB59000421DA4 /* InjectionDemo */,
			);
		};
/* End PBXProject section */

/* Begin PBXResourcesBuildPhase section */
		BBBA5B1B155EB59000421DA4 /* Resources */ = {
			isa = PBXResourcesBuildPhase;
			buildActionMask = 2147483647;
			files = (
				BBBA5B2C155EB59000421DA4 /* InfoPlist.strings in Resources */,
				BB3FC289155F2D5F007AA89B /* Icon.png in Resources */,
				BB82EB41156C367E00E7A6FB /* INViewController.xib in Resources */,
			);
			runOnlyForDeploymentPostprocessing = 0;
		};
/* End PBXResourcesBuildPhase section */

/* Begin PBXShellScriptBuildPhase section */
		BB89E54D156082140039CFFF /* ShellScript */ = {
			isa = PBXShellScriptBuildPhase;
			buildActionMask = 2147483647;
			files = (
			);
			inputPaths = (
			);
			outputPaths = (
			);
			runOnlyForDeploymentPostprocessing = 0;
			shellPath = /bin/sh;
			shellScript = "echo \"$CODESIGNING_FOLDER_PATH\" >/tmp/\"$PROJECT_NAME.$USER\" && echo \"$CODE_SIGN_IDENTITY\" >>/tmp/\"$PROJECT_NAME.$USER\" && exit; ";
		};
/* End PBXShellScriptBuildPhase section */

/* Begin PBXSourcesBuildPhase section */
		BBBA5B19155EB59000421DA4 /* Sources */ = {
			isa = PBXSourcesBuildPhase;
			buildActionMask = 2147483647;
			files = (
				BBBA5B2E155EB59000421DA4 /* main.m in Sources */,
				BBBA5B32155EB59000421DA4 /* INAppDelegate.m in Sources */,
				BBBA5B3B155EB59000421DA4 /* INViewController.m in Sources */,
				BBBA5B43155EB5D300421DA4 /* INRoseView.m in Sources */,
			);
			runOnlyForDeploymentPostprocessing = 0;
		};
/* End PBXSourcesBuildPhase section */

/* Begin PBXVariantGroup section */
		BB82EB3F156C367E00E7A6FB /* INViewController.xib */ = {
			isa = PBXVariantGroup;
			children = (
				BB82EB40156C367E00E7A6FB /* en */,
			);
			name = INViewController.xib;
			sourceTree = "<group>";
		};
		BBBA5B2A155EB59000421DA4 /* InfoPlist.strings */ = {
			isa = PBXVariantGroup;
			children = (
				BBBA5B2B155EB59000421DA4 /* en */,
			);
			name = InfoPlist.strings;
			sourceTree = "<group>";
		};
/* End PBXVariantGroup section */

/* Begin XCBuildConfiguration section */
		BBBA5B3C155EB59000421DA4 /* Debug */ = {
			isa = XCBuildConfiguration;
			buildSettings = {
				ALWAYS_SEARCH_USER_PATHS = NO;
				ARCHS = "$(ARCHS_STANDARD_32_BIT)";
				CLANG_ENABLE_OBJC_ARC = NO;
				"CODE_SIGN_IDENTITY[sdk=iphoneos*]" = "iPhone Developer";
				COPY_PHASE_STRIP = NO;
				GCC_C_LANGUAGE_STANDARD = gnu99;
				GCC_DYNAMIC_NO_PIC = NO;
				GCC_OPTIMIZATION_LEVEL = 0;
				GCC_PREPROCESSOR_DEFINITIONS = (
					"DEBUG=1",
					"$(inherited)",
				);
				GCC_SYMBOLS_PRIVATE_EXTERN = NO;
				GCC_VERSION = com.apple.compilers.llvm.clang.1_0;
				GCC_WARN_ABOUT_RETURN_TYPE = YES;
				GCC_WARN_UNINITIALIZED_AUTOS = YES;
				GCC_WARN_UNUSED_VARIABLE = YES;
				IPHONEOS_DEPLOYMENT_TARGET = 5.1;
				SDKROOT = iphoneos;
				TARGETED_DEVICE_FAMILY = "1,2";
			};
			name = Debug;
		};
		BBBA5B3D155EB59000421DA4 /* Release */ = {
			isa = XCBuildConfiguration;
			buildSettings = {
				ALWAYS_SEARCH_USER_PATHS = NO;
				ARCHS = "$(ARCHS_STANDARD_32_BIT)";
				CLANG_ENABLE_OBJC_ARC = NO;
				"CODE_SIGN_IDENTITY[sdk=iphoneos*]" = "iPhone Developer";
				COPY_PHASE_STRIP = YES;
				GCC_C_LANGUAGE_STANDARD = gnu99;
				GCC_SYMBOLS_PRIVATE_EXTERN = NO;
				GCC_VERSION = com.apple.compilers.llvm.clang.1_0;
				GCC_WARN_ABOUT_RETURN_TYPE = YES;
				GCC_WARN_UNINITIALIZED_AUTOS = YES;
				GCC_WARN_UNUSED_VARIABLE = YES;
				IPHONEOS_DEPLOYMENT_TARGET = 5.1;
				OTHER_CFLAGS = "-DNS_BLOCK_ASSERTIONS=1";
				SDKROOT = iphoneos;
				TARGETED_DEVICE_FAMILY = "1,2";
				VALIDATE_PRODUCT = YES;
			};
			name = Release;
		};
		BBBA5B3F155EB59000421DA4 /* Debug */ = {
			isa = XCBuildConfiguration;
			buildSettings = {
				GCC_PRECOMPILE_PREFIX_HEADER = YES;
				GCC_PREFIX_HEADER = "InjectionDemo/InjectionDemo-Prefix.pch";
				GCC_SYMBOLS_PRIVATE_EXTERN = NO;
				INFOPLIST_FILE = "InjectionDemo/InjectionDemo-Info.plist";
				IPHONEOS_DEPLOYMENT_TARGET = 5.0;
				PRODUCT_NAME = "$(TARGET_NAME)";
				WRAPPER_EXTENSION = app;
			};
			name = Debug;
		};
		BBBA5B40155EB59000421DA4 /* Release */ = {
			isa = XCBuildConfiguration;
			buildSettings = {
				GCC_PRECOMPILE_PREFIX_HEADER = YES;
				GCC_PREFIX_HEADER = "InjectionDemo/InjectionDemo-Prefix.pch";
				GCC_SYMBOLS_PRIVATE_EXTERN = NO;
				INFOPLIST_FILE = "InjectionDemo/InjectionDemo-Info.plist";
				IPHONEOS_DEPLOYMENT_TARGET = 5.0;
				PRODUCT_NAME = "$(TARGET_NAME)";
				WRAPPER_EXTENSION = app;
			};
			name = Release;
		};
/* End XCBuildConfiguration section */

/* Begin XCConfigurationList section */
		BBBA5B17155EB59000421DA4 /* Build configuration list for PBXProject "InjectionDemo" */ = {
			isa = XCConfigurationList;
			buildConfigurations = (
				BBBA5B3C155EB59000421DA4 /* Debug */,
				BBBA5B3D155EB59000421DA4 /* Release */,
			);
			defaultConfigurationIsVisible = 0;
			defaultConfigurationName = Release;
		};
		BBBA5B3E155EB59000421DA4 /* Build configuration list for PBXNativeTarget "InjectionDemo" */ = {
			isa = XCConfigurationList;
			buildConfigurations = (
				BBBA5B3F155EB59000421DA4 /* Debug */,
				BBBA5B40155EB59000421DA4 /* Release */,
			);
			defaultConfigurationIsVisible = 0;
			defaultConfigurationName = Release;
		};
/* End XCConfigurationList section */
	};
	rootObject = BBBA5B14155EB59000421DA4 /* Project object */;
}
