// !$*UTF8*$!
{
	archiveVersion = 1;
	classes = {
	};
	objectVersion = 46;
	objects = {

/* Begin PBXBuildFile section */
		10225D4F1F77E209008C907D /* InjectUnitTests.pm in Resources */ = {isa = PBXBuildFile; fileRef = 10225D4E1F77E209008C907D /* InjectUnitTests.pm */; };
		7F2EB89C145057F200E97A87 /* AppKit.framework in Frameworks */ = {isa = PBXBuildFile; fileRef = 7F2EB899145057EA00E97A87 /* AppKit.framework */; };
		BB020F6E16B3CC2D00126E33 /* injectStoryboard.pl in Resources */ = {isa = PBXBuildFile; fileRef = BB020F6D16B3CC2D00126E33 /* injectStoryboard.pl */; };
		BB2526481F65CF7300898347 /* LICENSE in Resources */ = {isa = PBXBuildFile; fileRef = BB2526471F65CF7300898347 /* LICENSE */; };
		BB2923FE1B45B96700F52DEA /* BundleSweeper.h in Resources */ = {isa = PBXBuildFile; fileRef = BBF225B81B20D2CA00E1B001 /* BundleSweeper.h */; };
		BB2924001B45B97800F52DEA /* IvarAccess.h in Resources */ = {isa = PBXBuildFile; fileRef = BBF225B91B20D2CA00E1B001 /* IvarAccess.h */; };
		BB3EFFB116A4B815001F0065 /* INPluginClientController.m in Sources */ = {isa = PBXBuildFile; fileRef = BB3EFFAD16A4B815001F0065 /* INPluginClientController.m */; };
		BB3EFFB216A4B815001F0065 /* INPluginMenuController.m in Sources */ = {isa = PBXBuildFile; fileRef = BB3EFFAF16A4B815001F0065 /* INPluginMenuController.m */; };
		BB3EFFBA16A53307001F0065 /* injection.png in Resources */ = {isa = PBXBuildFile; fileRef = BB3EFFB816A53307001F0065 /* injection.png */; };
		BB3EFFCF16A535C6001F0065 /* iOSBundleTemplate in Resources */ = {isa = PBXBuildFile; fileRef = BB3EFFCD16A535C6001F0065 /* iOSBundleTemplate */; };
		BB3EFFD016A535C6001F0065 /* OSXBundleTemplate in Resources */ = {isa = PBXBuildFile; fileRef = BB3EFFCE16A535C6001F0065 /* OSXBundleTemplate */; };
		BB3EFFD716A541A6001F0065 /* INPluginMenuController.xib in Resources */ = {isa = PBXBuildFile; fileRef = BB3EFFB016A4B815001F0065 /* INPluginMenuController.xib */; };
		BB3EFFDA16A541DB001F0065 /* BundleInterface.h in Resources */ = {isa = PBXBuildFile; fileRef = BB3EFFD916A541B8001F0065 /* BundleInterface.h */; };
		BB3EFFDB16A541DB001F0065 /* BundleInjection.h in Resources */ = {isa = PBXBuildFile; fileRef = BB3EFFD816A541B8001F0065 /* BundleInjection.h */; };
		BB5DEF9716A55D2A00E97DD4 /* common.pm in Resources */ = {isa = PBXBuildFile; fileRef = BB5DEF9616A55D2A00E97DD4 /* common.pm */; };
		BB5DEF9C16A55E1800E97DD4 /* injectSource.pl in Resources */ = {isa = PBXBuildFile; fileRef = BB5DEF9816A55E1800E97DD4 /* injectSource.pl */; };
		BB5DEF9D16A55E1800E97DD4 /* openBundle.pl in Resources */ = {isa = PBXBuildFile; fileRef = BB5DEF9916A55E1800E97DD4 /* openBundle.pl */; };
		BB63E0FB160CA89800E95F5D /* IOKit.framework in Frameworks */ = {isa = PBXBuildFile; fileRef = BB63E0F8160CA89800E95F5D /* IOKit.framework */; };
		BB66FF921C469277008634C5 /* FileWatcher.m in Sources */ = {isa = PBXBuildFile; fileRef = BB66FF911C469277008634C5 /* FileWatcher.m */; };
		BB781C2D1BA4DDA8006587FD /* xprobeLoad.pl in Resources */ = {isa = PBXBuildFile; fileRef = BB781C2C1BA4DDA8006587FD /* xprobeLoad.pl */; };
		BB8D68AB17F1BB64009E02EE /* listDevice.pl in Resources */ = {isa = PBXBuildFile; fileRef = BB8D68AA17F1BB64009E02EE /* listDevice.pl */; };
		BB98CE5716DB5E3C00B90297 /* appcode.txt in Resources */ = {isa = PBXBuildFile; fileRef = BB98CE5616DB5E3C00B90297 /* appcode.txt */; };
		BBCDA04819FD229F009AC8C5 /* evalCode.pl in Resources */ = {isa = PBXBuildFile; fileRef = BB117D2619FD20BD00A9400F /* evalCode.pl */; };
		BBEADCF616B12EAE003EF366 /* projectBuilt.pl in Resources */ = {isa = PBXBuildFile; fileRef = BBEADCF516B12EAE003EF366 /* projectBuilt.pl */; };
		BBEC640216A756F700DC5E08 /* patchProject.pl in Resources */ = {isa = PBXBuildFile; fileRef = BBEC640016A756F600DC5E08 /* patchProject.pl */; };
		BBEC640316A756F700DC5E08 /* revertProject.pl in Resources */ = {isa = PBXBuildFile; fileRef = BBEC640116A756F600DC5E08 /* revertProject.pl */; };
		DA1B5D020E64686800921439 /* Foundation.framework in Frameworks */ = {isa = PBXBuildFile; fileRef = 089C1672FE841209C02AAC07 /* Foundation.framework */; };
/* End PBXBuildFile section */

/* Begin PBXContainerItemProxy section */
		BB33DC811B86BD1D003B8481 /* PBXContainerItemProxy */ = {
			isa = PBXContainerItemProxy;
			containerPortal = BB33DC7D1B86BD1D003B8481 /* unhide.xcodeproj */;
			proxyType = 2;
			remoteGlobalIDString = BBB499A11B03B11000FF5818;
			remoteInfo = unhide;
		};
		BB82D7A91B86C0F3008E76CA /* PBXContainerItemProxy */ = {
			isa = PBXContainerItemProxy;
			containerPortal = BB33DC7D1B86BD1D003B8481 /* unhide.xcodeproj */;
			proxyType = 1;
			remoteGlobalIDString = BBB499A01B03B11000FF5818;
			remoteInfo = unhide;
		};
		BBC2900A18CA703D003436A9 /* PBXContainerItemProxy */ = {
			isa = PBXContainerItemProxy;
			containerPortal = BBC2900018CA6F46003436A9 /* InjectionLoader.xcodeproj */;
			proxyType = 2;
			remoteGlobalIDString = BBC55D8A14C4ED1500C41CA1;
			remoteInfo = InjectionBundle;
		};
/* End PBXContainerItemProxy section */

/* Begin PBXFileReference section */
		089C1672FE841209C02AAC07 /* Foundation.framework */ = {isa = PBXFileReference; lastKnownFileType = wrapper.framework; name = Foundation.framework; path = /System/Library/Frameworks/Foundation.framework; sourceTree = "<absolute>"; };
		10225D4E1F77E209008C907D /* InjectUnitTests.pm */ = {isa = PBXFileReference; fileEncoding = 4; lastKnownFileType = text.script.perl; path = InjectUnitTests.pm; sourceTree = "<group>"; };
		7F2EB899145057EA00E97A87 /* AppKit.framework */ = {isa = PBXFileReference; lastKnownFileType = wrapper.framework; name = AppKit.framework; path = System/Library/Frameworks/AppKit.framework; sourceTree = SDKROOT; };
		8D5B49B6048680CD000E48DA /* InjectionPlugin.xcplugin */ = {isa = PBXFileReference; explicitFileType = wrapper.cfbundle; includeInIndex = 0; path = InjectionPlugin.xcplugin; sourceTree = BUILT_PRODUCTS_DIR; };
		8D5B49B7048680CD000E48DA /* Info.plist */ = {isa = PBXFileReference; fileEncoding = 4; lastKnownFileType = text.plist.xml; path = Info.plist; sourceTree = "<group>"; };
		BB020F6D16B3CC2D00126E33 /* injectStoryboard.pl */ = {isa = PBXFileReference; fileEncoding = 4; lastKnownFileType = text.script.perl; path = injectStoryboard.pl; sourceTree = "<group>"; };
		BB117D2619FD20BD00A9400F /* evalCode.pl */ = {isa = PBXFileReference; lastKnownFileType = text.script.perl; path = evalCode.pl; sourceTree = "<group>"; };
		BB2526471F65CF7300898347 /* LICENSE */ = {isa = PBXFileReference; lastKnownFileType = text; path = LICENSE; sourceTree = "<group>"; };
		BB33DC7D1B86BD1D003B8481 /* unhide.xcodeproj */ = {isa = PBXFileReference; lastKnownFileType = "wrapper.pb-project"; name = unhide.xcodeproj; path = unhide/unhide.xcodeproj; sourceTree = "<group>"; };
		BB360C021B0E5C0100C39245 /* README.md */ = {isa = PBXFileReference; fileEncoding = 4; lastKnownFileType = net.daringfireball.markdown; name = README.md; path = ../README.md; sourceTree = "<group>"; };
		BB3EFFAC16A4B815001F0065 /* INPluginClientController.h */ = {isa = PBXFileReference; fileEncoding = 4; lastKnownFileType = sourcecode.c.h; path = INPluginClientController.h; sourceTree = "<group>"; };
		BB3EFFAD16A4B815001F0065 /* INPluginClientController.m */ = {isa = PBXFileReference; fileEncoding = 4; lastKnownFileType = sourcecode.c.objc; path = INPluginClientController.m; sourceTree = "<group>"; };
		BB3EFFAE16A4B815001F0065 /* INPluginMenuController.h */ = {isa = PBXFileReference; fileEncoding = 4; lastKnownFileType = sourcecode.c.h; path = INPluginMenuController.h; sourceTree = "<group>"; };
		BB3EFFAF16A4B815001F0065 /* INPluginMenuController.m */ = {isa = PBXFileReference; fileEncoding = 4; lastKnownFileType = sourcecode.c.objc; path = INPluginMenuController.m; sourceTree = "<group>"; };
		BB3EFFB016A4B815001F0065 /* INPluginMenuController.xib */ = {isa = PBXFileReference; fileEncoding = 4; lastKnownFileType = file.xib; path = INPluginMenuController.xib; sourceTree = "<group>"; };
		BB3EFFB816A53307001F0065 /* injection.png */ = {isa = PBXFileReference; lastKnownFileType = image.png; path = injection.png; sourceTree = "<group>"; };
		BB3EFFCD16A535C6001F0065 /* iOSBundleTemplate */ = {isa = PBXFileReference; lastKnownFileType = folder; path = iOSBundleTemplate; sourceTree = "<group>"; };
		BB3EFFCE16A535C6001F0065 /* OSXBundleTemplate */ = {isa = PBXFileReference; lastKnownFileType = folder; path = OSXBundleTemplate; sourceTree = "<group>"; };
		BB3EFFD816A541B8001F0065 /* BundleInjection.h */ = {isa = PBXFileReference; fileEncoding = 4; lastKnownFileType = sourcecode.c.h; path = BundleInjection.h; sourceTree = "<group>"; };
		BB3EFFD916A541B8001F0065 /* BundleInterface.h */ = {isa = PBXFileReference; fileEncoding = 4; lastKnownFileType = sourcecode.c.h; path = BundleInterface.h; sourceTree = "<group>"; };
		BB5DEF9616A55D2A00E97DD4 /* common.pm */ = {isa = PBXFileReference; fileEncoding = 4; lastKnownFileType = text.script.perl; path = common.pm; sourceTree = "<group>"; };
		BB5DEF9816A55E1800E97DD4 /* injectSource.pl */ = {isa = PBXFileReference; fileEncoding = 4; lastKnownFileType = text.script.perl; path = injectSource.pl; sourceTree = "<group>"; };
		BB5DEF9916A55E1800E97DD4 /* openBundle.pl */ = {isa = PBXFileReference; fileEncoding = 4; lastKnownFileType = text.script.perl; path = openBundle.pl; sourceTree = "<group>"; };
		BB63E0F8160CA89800E95F5D /* IOKit.framework */ = {isa = PBXFileReference; lastKnownFileType = wrapper.framework; name = IOKit.framework; path = System/Library/Frameworks/IOKit.framework; sourceTree = SDKROOT; };
		BB66FF901C469277008634C5 /* FileWatcher.h */ = {isa = PBXFileReference; fileEncoding = 4; lastKnownFileType = sourcecode.c.h; path = FileWatcher.h; sourceTree = "<group>"; };
		BB66FF911C469277008634C5 /* FileWatcher.m */ = {isa = PBXFileReference; fileEncoding = 4; lastKnownFileType = sourcecode.c.objc; path = FileWatcher.m; sourceTree = "<group>"; };
		BB781C2C1BA4DDA8006587FD /* xprobeLoad.pl */ = {isa = PBXFileReference; fileEncoding = 4; lastKnownFileType = text.script.perl; path = xprobeLoad.pl; sourceTree = "<group>"; };
		BB8D68AA17F1BB64009E02EE /* listDevice.pl */ = {isa = PBXFileReference; fileEncoding = 4; lastKnownFileType = text.script.perl; path = listDevice.pl; sourceTree = "<group>"; };
		BB98CE5616DB5E3C00B90297 /* appcode.txt */ = {isa = PBXFileReference; fileEncoding = 4; lastKnownFileType = text; path = appcode.txt; sourceTree = "<group>"; };
		BBC2900018CA6F46003436A9 /* InjectionLoader.xcodeproj */ = {isa = PBXFileReference; lastKnownFileType = "wrapper.pb-project"; name = InjectionLoader.xcodeproj; path = InjectionLoader/InjectionLoader.xcodeproj; sourceTree = "<group>"; };
		BBEADCF516B12EAE003EF366 /* projectBuilt.pl */ = {isa = PBXFileReference; fileEncoding = 4; lastKnownFileType = text.script.perl; path = projectBuilt.pl; sourceTree = "<group>"; };
		BBEC640016A756F600DC5E08 /* patchProject.pl */ = {isa = PBXFileReference; fileEncoding = 4; lastKnownFileType = text.script.perl; path = patchProject.pl; sourceTree = "<group>"; };
		BBEC640116A756F600DC5E08 /* revertProject.pl */ = {isa = PBXFileReference; fileEncoding = 4; lastKnownFileType = text.script.perl; path = revertProject.pl; sourceTree = "<group>"; };
		BBF225B81B20D2CA00E1B001 /* BundleSweeper.h */ = {isa = PBXFileReference; fileEncoding = 4; lastKnownFileType = sourcecode.c.h; path = BundleSweeper.h; sourceTree = "<group>"; };
		BBF225B91B20D2CA00E1B001 /* IvarAccess.h */ = {isa = PBXFileReference; fileEncoding = 4; lastKnownFileType = sourcecode.c.h; path = IvarAccess.h; sourceTree = "<group>"; };
/* End PBXFileReference section */

/* Begin PBXFrameworksBuildPhase section */
		8D5B49B3048680CD000E48DA /* Frameworks */ = {
			isa = PBXFrameworksBuildPhase;
			buildActionMask = 2147483647;
			files = (
				DA1B5D020E64686800921439 /* Foundation.framework in Frameworks */,
				7F2EB89C145057F200E97A87 /* AppKit.framework in Frameworks */,
				BB63E0FB160CA89800E95F5D /* IOKit.framework in Frameworks */,
			);
			runOnlyForDeploymentPostprocessing = 0;
		};
/* End PBXFrameworksBuildPhase section */

/* Begin PBXGroup section */
		089C166AFE841209C02AAC07 /* QuietXcode */ = {
			isa = PBXGroup;
			children = (
				BB2526471F65CF7300898347 /* LICENSE */,
				BB360C021B0E5C0100C39245 /* README.md */,
				BBC2900018CA6F46003436A9 /* InjectionLoader.xcodeproj */,
				7F411B0C15FABAC6002F77B6 /* Classes */,
				089C167CFE841241C02AAC07 /* Resources */,
				BB26EB8D160DE85B00A62DFC /* Scripts */,
				BB3EFFCD16A535C6001F0065 /* iOSBundleTemplate */,
				BB3EFFCE16A535C6001F0065 /* OSXBundleTemplate */,
				089C1671FE841209C02AAC07 /* Frameworks and Libraries */,
				19C28FB8FE9D52D311CA2CBB /* Products */,
				BB33DC7D1B86BD1D003B8481 /* unhide.xcodeproj */,
			);
			name = QuietXcode;
			sourceTree = "<group>";
		};
		089C1671FE841209C02AAC07 /* Frameworks and Libraries */ = {
			isa = PBXGroup;
			children = (
				089C1672FE841209C02AAC07 /* Foundation.framework */,
				7F2EB899145057EA00E97A87 /* AppKit.framework */,
				BB63E0F8160CA89800E95F5D /* IOKit.framework */,
			);
			name = "Frameworks and Libraries";
			sourceTree = "<group>";
		};
		089C167CFE841241C02AAC07 /* Resources */ = {
			isa = PBXGroup;
			children = (
				BB3EFFB816A53307001F0065 /* injection.png */,
				BB98CE5616DB5E3C00B90297 /* appcode.txt */,
				8D5B49B7048680CD000E48DA /* Info.plist */,
			);
			name = Resources;
			sourceTree = "<group>";
		};
		19C28FB8FE9D52D311CA2CBB /* Products */ = {
			isa = PBXGroup;
			children = (
				8D5B49B6048680CD000E48DA /* InjectionPlugin.xcplugin */,
			);
			name = Products;
			sourceTree = "<group>";
		};
		7F411B0C15FABAC6002F77B6 /* Classes */ = {
			isa = PBXGroup;
			children = (
				BB3EFFAE16A4B815001F0065 /* INPluginMenuController.h */,
				BB3EFFAF16A4B815001F0065 /* INPluginMenuController.m */,
				BB3EFFB016A4B815001F0065 /* INPluginMenuController.xib */,
				BB3EFFAC16A4B815001F0065 /* INPluginClientController.h */,
				BB3EFFAD16A4B815001F0065 /* INPluginClientController.m */,
				BB66FF901C469277008634C5 /* FileWatcher.h */,
				BB66FF911C469277008634C5 /* FileWatcher.m */,
				BB3EFFD916A541B8001F0065 /* BundleInterface.h */,
				BB3EFFD816A541B8001F0065 /* BundleInjection.h */,
				BBF225B81B20D2CA00E1B001 /* BundleSweeper.h */,
				BBF225B91B20D2CA00E1B001 /* IvarAccess.h */,
			);
			path = Classes;
			sourceTree = "<group>";
		};
		BB26EB8D160DE85B00A62DFC /* Scripts */ = {
			isa = PBXGroup;
			children = (
				BB5DEF9616A55D2A00E97DD4 /* common.pm */,
				BBEC640016A756F600DC5E08 /* patchProject.pl */,
				BB5DEF9816A55E1800E97DD4 /* injectSource.pl */,
				BBEC640116A756F600DC5E08 /* revertProject.pl */,
				BB5DEF9916A55E1800E97DD4 /* openBundle.pl */,
				BB781C2C1BA4DDA8006587FD /* xprobeLoad.pl */,
				BB117D2619FD20BD00A9400F /* evalCode.pl */,
				BB8D68AA17F1BB64009E02EE /* listDevice.pl */,
				BBEADCF516B12EAE003EF366 /* projectBuilt.pl */,
				BB020F6D16B3CC2D00126E33 /* injectStoryboard.pl */,
				10225D4E1F77E209008C907D /* InjectUnitTests.pm */,
			);
			name = Scripts;
			sourceTree = "<group>";
		};
		BB33DC7E1B86BD1D003B8481 /* Products */ = {
			isa = PBXGroup;
			children = (
				BB33DC821B86BD1D003B8481 /* unhide */,
			);
			name = Products;
			sourceTree = "<group>";
		};
		BBC2900118CA6F46003436A9 /* Products */ = {
			isa = PBXGroup;
			children = (
				BBC2900B18CA703D003436A9 /* InjectionLoader.bundle */,
			);
			name = Products;
			sourceTree = "<group>";
		};
/* End PBXGroup section */

/* Begin PBXNativeTarget section */
		8D5B49AC048680CD000E48DA /* InjectionPlugin */ = {
			isa = PBXNativeTarget;
			buildConfigurationList = 1DEB913A08733D840010E9CD /* Build configuration list for PBXNativeTarget "InjectionPlugin" */;
			buildPhases = (
				8D5B49B1048680CD000E48DA /* Sources */,
				8D5B49B3048680CD000E48DA /* Frameworks */,
				BB5251F8160A2EF700276EB3 /* Resources */,
				BB749D7C16A5F32E006C993B /* ShellScript */,
			);
			buildRules = (
			);
			dependencies = (
				BB82D7AA1B86C0F3008E76CA /* PBXTargetDependency */,
			);
			name = InjectionPlugin;
			productInstallPath = "$(HOME)/Library/Bundles";
			productName = QuietXcode;
			productReference = 8D5B49B6048680CD000E48DA /* InjectionPlugin.xcplugin */;
			productType = "com.apple.product-type.bundle";
		};
/* End PBXNativeTarget section */

/* Begin PBXProject section */
		089C1669FE841209C02AAC07 /* Project object */ = {
			isa = PBXProject;
			attributes = {
				LastUpgradeCheck = 0820;
			};
			buildConfigurationList = 1DEB913E08733D840010E9CD /* Build configuration list for PBXProject "InjectionPlugin" */;
			compatibilityVersion = "Xcode 3.2";
			developmentRegion = English;
			hasScannedForEncodings = 1;
			knownRegions = (
				English,
				Japanese,
				French,
				German,
				en,
			);
			mainGroup = 089C166AFE841209C02AAC07 /* QuietXcode */;
			projectDirPath = "";
			projectReferences = (
				{
					ProductGroup = BBC2900118CA6F46003436A9 /* Products */;
					ProjectRef = BBC2900018CA6F46003436A9 /* InjectionLoader.xcodeproj */;
				},
				{
					ProductGroup = BB33DC7E1B86BD1D003B8481 /* Products */;
					ProjectRef = BB33DC7D1B86BD1D003B8481 /* unhide.xcodeproj */;
				},
			);
			projectRoot = "";
			targets = (
				8D5B49AC048680CD000E48DA /* InjectionPlugin */,
			);
		};
/* End PBXProject section */

/* Begin PBXReferenceProxy section */
		BB33DC821B86BD1D003B8481 /* unhide */ = {
			isa = PBXReferenceProxy;
			fileType = "compiled.mach-o.executable";
			path = unhide;
			remoteRef = BB33DC811B86BD1D003B8481 /* PBXContainerItemProxy */;
			sourceTree = BUILT_PRODUCTS_DIR;
		};
		BBC2900B18CA703D003436A9 /* InjectionLoader.bundle */ = {
			isa = PBXReferenceProxy;
			fileType = wrapper.cfbundle;
			path = InjectionLoader.bundle;
			remoteRef = BBC2900A18CA703D003436A9 /* PBXContainerItemProxy */;
			sourceTree = BUILT_PRODUCTS_DIR;
		};
/* End PBXReferenceProxy section */

/* Begin PBXResourcesBuildPhase section */
		BB5251F8160A2EF700276EB3 /* Resources */ = {
			isa = PBXResourcesBuildPhase;
			buildActionMask = 2147483647;
			files = (
				BB3EFFD716A541A6001F0065 /* INPluginMenuController.xib in Resources */,
				BB3EFFDA16A541DB001F0065 /* BundleInterface.h in Resources */,
				BB3EFFDB16A541DB001F0065 /* BundleInjection.h in Resources */,
				BB2923FE1B45B96700F52DEA /* BundleSweeper.h in Resources */,
				BB2924001B45B97800F52DEA /* IvarAccess.h in Resources */,
				BB3EFFBA16A53307001F0065 /* injection.png in Resources */,
				BB3EFFCF16A535C6001F0065 /* iOSBundleTemplate in Resources */,
				BB3EFFD016A535C6001F0065 /* OSXBundleTemplate in Resources */,
				BB5DEF9716A55D2A00E97DD4 /* common.pm in Resources */,
				10225D4F1F77E209008C907D /* InjectUnitTests.pm in Resources */,
				BBEC640216A756F700DC5E08 /* patchProject.pl in Resources */,
				BBCDA04819FD229F009AC8C5 /* evalCode.pl in Resources */,
				BBEC640316A756F700DC5E08 /* revertProject.pl in Resources */,
				BB5DEF9C16A55E1800E97DD4 /* injectSource.pl in Resources */,
				BB8D68AB17F1BB64009E02EE /* listDevice.pl in Resources */,
				BB2526481F65CF7300898347 /* LICENSE in Resources */,
				BB5DEF9D16A55E1800E97DD4 /* openBundle.pl in Resources */,
				BBEADCF616B12EAE003EF366 /* projectBuilt.pl in Resources */,
				BB020F6E16B3CC2D00126E33 /* injectStoryboard.pl in Resources */,
				BB98CE5716DB5E3C00B90297 /* appcode.txt in Resources */,
				BB781C2D1BA4DDA8006587FD /* xprobeLoad.pl in Resources */,
			);
			runOnlyForDeploymentPostprocessing = 0;
		};
/* End PBXResourcesBuildPhase section */

/* Begin PBXShellScriptBuildPhase section */
		BB749D7C16A5F32E006C993B /* ShellScript */ = {
			isa = PBXShellScriptBuildPhase;
			buildActionMask = 2147483647;
			files = (
			);
			inputPaths = (
			);
			outputPaths = (
			);
			runOnlyForDeploymentPostprocessing = 0;
			shellPath = /bin/sh;
			shellScript = "cd InjectionLoader && xcodebuild -sdk iphonesimulator -config Debug && cd - &&\nchmod +x \"$INSTALL_DIR/$UNLOCALIZED_RESOURCES_FOLDER_PATH\"/*.pl &&\ncp -rf Classes/Xtrace.* InjectionLoader/build/*-iphonesimulator/InjectionLoader.bundle \"$INSTALL_DIR/$UNLOCALIZED_RESOURCES_FOLDER_PATH\"\n/usr/bin/codesign --force --sign \"-\" --timestamp=none \"$INSTALL_DIR/$UNLOCALIZED_RESOURCES_FOLDER_PATH\"/InjectionLoader.bundle";
			showEnvVarsInLog = 0;
		};
/* End PBXShellScriptBuildPhase section */

/* Begin PBXSourcesBuildPhase section */
		8D5B49B1048680CD000E48DA /* Sources */ = {
			isa = PBXSourcesBuildPhase;
			buildActionMask = 2147483647;
			files = (
				BB3EFFB216A4B815001F0065 /* INPluginMenuController.m in Sources */,
				BB3EFFB116A4B815001F0065 /* INPluginClientController.m in Sources */,
				BB66FF921C469277008634C5 /* FileWatcher.m in Sources */,
			);
			runOnlyForDeploymentPostprocessing = 0;
		};
/* End PBXSourcesBuildPhase section */

/* Begin PBXTargetDependency section */
		BB82D7AA1B86C0F3008E76CA /* PBXTargetDependency */ = {
			isa = PBXTargetDependency;
			name = unhide;
			targetProxy = BB82D7A91B86C0F3008E76CA /* PBXContainerItemProxy */;
		};
/* End PBXTargetDependency section */

/* Begin XCBuildConfiguration section */
		1DEB913B08733D840010E9CD /* Debug */ = {
			isa = XCBuildConfiguration;
			buildSettings = {
				ALWAYS_SEARCH_USER_PATHS = NO;
				CLANG_ENABLE_OBJC_ARC = NO;
				CODE_SIGN_ENTITLEMENTS = "";
				CODE_SIGN_IDENTITY = "";
				COMBINE_HIDPI_IMAGES = YES;
				COPY_PHASE_STRIP = NO;
				DEPLOYMENT_LOCATION = YES;
				DEPLOYMENT_POSTPROCESSING = YES;
				DSTROOT = "$(HOME)";
				GCC_DYNAMIC_NO_PIC = NO;
				GCC_OPTIMIZATION_LEVEL = 0;
				GCC_SYMBOLS_PRIVATE_EXTERN = NO;
				INFOPLIST_FILE = Info.plist;
				INSTALL_PATH = "/Library/Application Support/Developer/Shared/Xcode/Plug-ins";
				LD_RUNPATH_SEARCH_PATHS = /Developer;
				PRODUCT_BUNDLE_IDENTIFIER = com.johnholdsworth.InjectionPlugin;
				PRODUCT_NAME = InjectionPlugin;
				STRIP_INSTALLED_PRODUCT = NO;
				WRAPPER_EXTENSION = xcplugin;
			};
			name = Debug;
		};
		1DEB913F08733D840010E9CD /* Debug */ = {
			isa = XCBuildConfiguration;
			buildSettings = {
				CLANG_ANALYZER_LOCALIZABILITY_NONLOCALIZED = YES;
				CLANG_WARN_BOOL_CONVERSION = YES;
				CLANG_WARN_CONSTANT_CONVERSION = YES;
				CLANG_WARN_EMPTY_BODY = YES;
				CLANG_WARN_ENUM_CONVERSION = YES;
				CLANG_WARN_INFINITE_RECURSION = YES;
				CLANG_WARN_INT_CONVERSION = YES;
				CLANG_WARN_SUSPICIOUS_MOVE = YES;
				CLANG_WARN_UNREACHABLE_CODE = YES;
				CLANG_WARN__DUPLICATE_METHOD_MATCH = YES;
				CURRENT_PROJECT_VERSION = 6.4;
				ENABLE_STRICT_OBJC_MSGSEND = YES;
				ENABLE_TESTABILITY = YES;
				GCC_C_LANGUAGE_STANDARD = c99;
				GCC_NO_COMMON_BLOCKS = YES;
				GCC_OPTIMIZATION_LEVEL = 0;
				GCC_PREPROCESSOR_DEFINITIONS = DEBUG;
				GCC_SYMBOLS_PRIVATE_EXTERN = NO;
				GCC_WARN_64_TO_32_BIT_CONVERSION = YES;
				GCC_WARN_ABOUT_RETURN_TYPE = YES;
				GCC_WARN_UNDECLARED_SELECTOR = YES;
				GCC_WARN_UNINITIALIZED_AUTOS = YES;
				GCC_WARN_UNUSED_FUNCTION = YES;
				GCC_WARN_UNUSED_VARIABLE = YES;
				INFOPLIST_PREPROCESSOR_DEFINITIONS = "";
				INSTALL_PATH = "$(HOME)/Library/Application Support/Developer/Shared/Xcode/Plug-ins";
				MACOSX_DEPLOYMENT_TARGET = 10.7;
				ONLY_ACTIVE_ARCH = YES;
				SDKROOT = macosx;
			};
			name = Debug;
		};
/* End XCBuildConfiguration section */

/* Begin XCConfigurationList section */
		1DEB913A08733D840010E9CD /* Build configuration list for PBXNativeTarget "InjectionPlugin" */ = {
			isa = XCConfigurationList;
			buildConfigurations = (
				1DEB913B08733D840010E9CD /* Debug */,
			);
			defaultConfigurationIsVisible = 0;
			defaultConfigurationName = Debug;
		};
		1DEB913E08733D840010E9CD /* Build configuration list for PBXProject "InjectionPlugin" */ = {
			isa = XCConfigurationList;
			buildConfigurations = (
				1DEB913F08733D840010E9CD /* Debug */,
			);
			defaultConfigurationIsVisible = 0;
			defaultConfigurationName = Debug;
		};
/* End XCConfigurationList section */
	};
	rootObject = 089C1669FE841209C02AAC07 /* Project object */;
}
