// !$*UTF8*$!
{
	archiveVersion = 1;
	classes = {
	};
	objectVersion = 46;
	objects = {

/* Begin PBXBuildFile section */
		BBA1A725156EE56C0027B866 /* UIKit.framework in Frameworks */ = {isa = PBXBuildFile; fileRef = BBA1A724156EE56C0027B866 /* UIKit.framework */; };
		BBA1A727156EE56C0027B866 /* Foundation.framework in Frameworks */ = {isa = PBXBuildFile; fileRef = BBA1A726156EE56C0027B866 /* Foundation.framework */; };
		BBA1A729156EE56C0027B866 /* CoreGraphics.framework in Frameworks */ = {isa = PBXBuildFile; fileRef = BBA1A728156EE56C0027B866 /* CoreGraphics.framework */; };
		BBA1A72F156EE56C0027B866 /* InfoPlist.strings in Resources */ = {isa = PBXBuildFile; fileRef = BBA1A72D156EE56C0027B866 /* InfoPlist.strings */; };
		BBA1A731156EE56D0027B866 /* main.m in Sources */ = {isa = PBXBuildFile; fileRef = BBA1A730156EE56C0027B866 /* main.m */; };
		BBA1A735156EE56D0027B866 /* INAppDelegate.m in Sources */ = {isa = PBXBuildFile; fileRef = BBA1A734156EE56D0027B866 /* INAppDelegate.m */; };
		BBA1A738156EE56D0027B866 /* MainStoryboard_iPhone.storyboard in Resources */ = {isa = PBXBuildFile; fileRef = BBA1A736156EE56D0027B866 /* MainStoryboard_iPhone.storyboard */; };
		BBA1A73B156EE56D0027B866 /* MainStoryboard_iPad.storyboard in Resources */ = {isa = PBXBuildFile; fileRef = BBA1A739156EE56D0027B866 /* MainStoryboard_iPad.storyboard */; };
		BBA1A73E156EE56D0027B866 /* INMasterViewController.m in Sources */ = {isa = PBXBuildFile; fileRef = BBA1A73D156EE56D0027B866 /* INMasterViewController.m */; };
		BBA1A741156EE56D0027B866 /* INDetailViewController.m in Sources */ = {isa = PBXBuildFile; fileRef = BBA1A740156EE56D0027B866 /* INDetailViewController.m */; };
		BBA1A748156EE5F20027B866 /* Icon.png in Resources */ = {isa = PBXBuildFile; fileRef = BBA1A747156EE5F20027B866 /* Icon.png */; };
/* End PBXBuildFile section */

/* Begin PBXFileReference section */
		BBA1A720156EE56C0027B866 /* StoryboardDemo.app */ = {isa = PBXFileReference; explicitFileType = wrapper.application; includeInIndex = 0; path = StoryboardDemo.app; sourceTree = BUILT_PRODUCTS_DIR; };
		BBA1A724156EE56C0027B866 /* UIKit.framework */ = {isa = PBXFileReference; lastKnownFileType = wrapper.framework; name = UIKit.framework; path = System/Library/Frameworks/UIKit.framework; sourceTree = SDKROOT; };
		BBA1A726156EE56C0027B866 /* Foundation.framework */ = {isa = PBXFileReference; lastKnownFileType = wrapper.framework; name = Foundation.framework; path = System/Library/Frameworks/Foundation.framework; sourceTree = SDKROOT; };
		BBA1A728156EE56C0027B866 /* CoreGraphics.framework */ = {isa = PBXFileReference; lastKnownFileType = wrapper.framework; name = CoreGraphics.framework; path = System/Library/Frameworks/CoreGraphics.framework; sourceTree = SDKROOT; };
		BBA1A72C156EE56C0027B866 /* StoryboardDemo-Info.plist */ = {isa = PBXFileReference; lastKnownFileType = text.plist.xml; path = "StoryboardDemo-Info.plist"; sourceTree = "<group>"; };
		BBA1A72E156EE56C0027B866 /* en */ = {isa = PBXFileReference; lastKnownFileType = text.plist.strings; name = en; path = en.lproj/InfoPlist.strings; sourceTree = "<group>"; };
		BBA1A730156EE56C0027B866 /* main.m */ = {isa = PBXFileReference; lastKnownFileType = sourcecode.c.objc; path = main.m; sourceTree = "<group>"; };
		BBA1A732156EE56D0027B866 /* StoryboardDemo-Prefix.pch */ = {isa = PBXFileReference; lastKnownFileType = sourcecode.c.h; path = "StoryboardDemo-Prefix.pch"; sourceTree = "<group>"; };
		BBA1A733156EE56D0027B866 /* INAppDelegate.h */ = {isa = PBXFileReference; lastKnownFileType = sourcecode.c.h; path = INAppDelegate.h; sourceTree = "<group>"; };
		BBA1A734156EE56D0027B866 /* INAppDelegate.m */ = {isa = PBXFileReference; lastKnownFileType = sourcecode.c.objc; path = INAppDelegate.m; sourceTree = "<group>"; };
		BBA1A737156EE56D0027B866 /* en */ = {isa = PBXFileReference; lastKnownFileType = file.storyboard; name = en; path = en.lproj/MainStoryboard_iPhone.storyboard; sourceTree = "<group>"; };
		BBA1A73A156EE56D0027B866 /* en */ = {isa = PBXFileReference; lastKnownFileType = file.storyboard; name = en; path = en.lproj/MainStoryboard_iPad.storyboard; sourceTree = "<group>"; };
		BBA1A73C156EE56D0027B866 /* INMasterViewController.h */ = {isa = PBXFileReference; lastKnownFileType = sourcecode.c.h; path = INMasterViewController.h; sourceTree = "<group>"; };
		BBA1A73D156EE56D0027B866 /* INMasterViewController.m */ = {isa = PBXFileReference; lastKnownFileType = sourcecode.c.objc; path = INMasterViewController.m; sourceTree = "<group>"; };
		BBA1A73F156EE56D0027B866 /* INDetailViewController.h */ = {isa = PBXFileReference; lastKnownFileType = sourcecode.c.h; path = INDetailViewController.h; sourceTree = "<group>"; };
		BBA1A740156EE56D0027B866 /* INDetailViewController.m */ = {isa = PBXFileReference; lastKnownFileType = sourcecode.c.objc; path = INDetailViewController.m; sourceTree = "<group>"; };
		BBA1A747156EE5F20027B866 /* Icon.png */ = {isa = PBXFileReference; lastKnownFileType = image.png; name = Icon.png; path = Icon.png; sourceTree = "<group>"; };
/* End PBXFileReference section */

/* Begin PBXFrameworksBuildPhase section */
		BBA1A71D156EE56C0027B866 /* Frameworks */ = {
			isa = PBXFrameworksBuildPhase;
			buildActionMask = 2147483647;
			files = (
				BBA1A725156EE56C0027B866 /* UIKit.framework in Frameworks */,
				BBA1A727156EE56C0027B866 /* Foundation.framework in Frameworks */,
				BBA1A729156EE56C0027B866 /* CoreGraphics.framework in Frameworks */,
			);
			runOnlyForDeploymentPostprocessing = 0;
		};
/* End PBXFrameworksBuildPhase section */

/* Begin PBXGroup section */
		BBA1A715156EE56C0027B866 = {
			isa = PBXGroup;
			children = (
				BBA1A72A156EE56C0027B866 /* StoryboardDemo */,
				BBA1A723156EE56C0027B866 /* Frameworks */,
				BBA1A721156EE56C0027B866 /* Products */,
			);
			sourceTree = "<group>";
		};
		BBA1A721156EE56C0027B866 /* Products */ = {
			isa = PBXGroup;
			children = (
				BBA1A720156EE56C0027B866 /* StoryboardDemo.app */,
			);
			name = Products;
			sourceTree = "<group>";
		};
		BBA1A723156EE56C0027B866 /* Frameworks */ = {
			isa = PBXGroup;
			children = (
				BBA1A724156EE56C0027B866 /* UIKit.framework */,
				BBA1A726156EE56C0027B866 /* Foundation.framework */,
				BBA1A728156EE56C0027B866 /* CoreGraphics.framework */,
			);
			name = Frameworks;
			sourceTree = "<group>";
		};
		BBA1A72A156EE56C0027B866 /* StoryboardDemo */ = {
			isa = PBXGroup;
			children = (
				BBA1A747156EE5F20027B866 /* Icon.png */,
				BBA1A733156EE56D0027B866 /* INAppDelegate.h */,
				BBA1A734156EE56D0027B866 /* INAppDelegate.m */,
				BBA1A736156EE56D0027B866 /* MainStoryboard_iPhone.storyboard */,
				BBA1A739156EE56D0027B866 /* MainStoryboard_iPad.storyboard */,
				BBA1A73C156EE56D0027B866 /* INMasterViewController.h */,
				BBA1A73D156EE56D0027B866 /* INMasterViewController.m */,
				BBA1A73F156EE56D0027B866 /* INDetailViewController.h */,
				BBA1A740156EE56D0027B866 /* INDetailViewController.m */,
				BBA1A72B156EE56C0027B866 /* Supporting Files */,
			);
			path = StoryboardDemo;
			sourceTree = "<group>";
		};
		BBA1A72B156EE56C0027B866 /* Supporting Files */ = {
			isa = PBXGroup;
			children = (
				BBA1A72C156EE56C0027B866 /* StoryboardDemo-Info.plist */,
				BBA1A72D156EE56C0027B866 /* InfoPlist.strings */,
				BBA1A730156EE56C0027B866 /* main.m */,
				BBA1A732156EE56D0027B866 /* StoryboardDemo-Prefix.pch */,
			);
			name = "Supporting Files";
			sourceTree = "<group>";
		};
/* End PBXGroup section */

/* Begin PBXNativeTarget section */
		BBA1A71F156EE56C0027B866 /* StoryboardDemo */ = {
			isa = PBXNativeTarget;
			buildConfigurationList = BBA1A744156EE56D0027B866 /* Build configuration list for PBXNativeTarget "StoryboardDemo" */;
			buildPhases = (
				BBA1A71C156EE56C0027B866 /* Sources */,
				BBA1A71D156EE56C0027B866 /* Frameworks */,
				BBA1A71E156EE56C0027B866 /* Resources */,
				BBA1A75E156EF3D80027B866 /* ShellScript */,
			);
			buildRules = (
			);
			dependencies = (
			);
			name = StoryboardDemo;
			productName = StoryboardDemo;
			productReference = BBA1A720156EE56C0027B866 /* StoryboardDemo.app */;
			productType = "com.apple.product-type.application";
		};
/* End PBXNativeTarget section */

/* Begin PBXProject section */
		BBA1A717156EE56C0027B866 /* Project object */ = {
			isa = PBXProject;
			attributes = {
				CLASSPREFIX = IN;
				LastUpgradeCheck = 0430;
			};
			buildConfigurationList = BBA1A71A156EE56C0027B866 /* Build configuration list for PBXProject "StoryboardDemo" */;
			compatibilityVersion = "Xcode 3.2";
			developmentRegion = English;
			hasScannedForEncodings = 0;
			knownRegions = (
				en,
			);
			mainGroup = BBA1A715156EE56C0027B866;
			productRefGroup = BBA1A721156EE56C0027B866 /* Products */;
			projectDirPath = "";
			projectRoot = "";
			targets = (
				BBA1A71F156EE56C0027B866 /* StoryboardDemo */,
			);
		};
/* End PBXProject section */

/* Begin PBXResourcesBuildPhase section */
		BBA1A71E156EE56C0027B866 /* Resources */ = {
			isa = PBXResourcesBuildPhase;
			buildActionMask = 2147483647;
			files = (
				BBA1A72F156EE56C0027B866 /* InfoPlist.strings in Resources */,
				BBA1A738156EE56D0027B866 /* MainStoryboard_iPhone.storyboard in Resources */,
				BBA1A73B156EE56D0027B866 /* MainStoryboard_iPad.storyboard in Resources */,
				BBA1A748156EE5F20027B866 /* Icon.png in Resources */,
			);
			runOnlyForDeploymentPostprocessing = 0;
		};
/* End PBXResourcesBuildPhase section */

/* Begin PBXShellScriptBuildPhase section */
		BBA1A75E156EF3D80027B866 /* ShellScript */ = {
			isa = PBXShellScriptBuildPhase;
			buildActionMask = 2147483647;
			files = (
			);
			inputPaths = (
			);
			outputPaths = (
			);
			runOnlyForDeploymentPostprocessing = 0;
			shellPath = /bin/sh;
			shellScript = "echo \"$CODESIGNING_FOLDER_PATH\" >/tmp/\"$PROJECT_NAME.$USER\" && echo \"$CODE_SIGN_IDENTITY\" >>/tmp/\"$PROJECT_NAME.$USER\" && exit;
";
		};
/* End PBXShellScriptBuildPhase section */

/* Begin PBXSourcesBuildPhase section */
		BBA1A71C156EE56C0027B866 /* Sources */ = {
			isa = PBXSourcesBuildPhase;
			buildActionMask = 2147483647;
			files = (
				BBA1A731156EE56D0027B866 /* main.m in Sources */,
				BBA1A735156EE56D0027B866 /* INAppDelegate.m in Sources */,
				BBA1A73E156EE56D0027B866 /* INMasterViewController.m in Sources */,
				BBA1A741156EE56D0027B866 /* INDetailViewController.m in Sources */,
			);
			runOnlyForDeploymentPostprocessing = 0;
		};
/* End PBXSourcesBuildPhase section */

/* Begin PBXVariantGroup section */
		BBA1A72D156EE56C0027B866 /* InfoPlist.strings */ = {
			isa = PBXVariantGroup;
			children = (
				BBA1A72E156EE56C0027B866 /* en */,
			);
			name = InfoPlist.strings;
			sourceTree = "<group>";
		};
		BBA1A736156EE56D0027B866 /* MainStoryboard_iPhone.storyboard */ = {
			isa = PBXVariantGroup;
			children = (
				BBA1A737156EE56D0027B866 /* en */,
			);
			name = MainStoryboard_iPhone.storyboard;
			sourceTree = "<group>";
		};
		BBA1A739156EE56D0027B866 /* MainStoryboard_iPad.storyboard */ = {
			isa = PBXVariantGroup;
			children = (
				BBA1A73A156EE56D0027B866 /* en */,
			);
			name = MainStoryboard_iPad.storyboard;
			sourceTree = "<group>";
		};
/* End PBXVariantGroup section */

/* Begin XCBuildConfiguration section */
		BBA1A742156EE56D0027B866 /* Debug */ = {
			isa = XCBuildConfiguration;
			buildSettings = {
				ALWAYS_SEARCH_USER_PATHS = NO;
				ARCHS = "$(ARCHS_STANDARD_32_BIT)";
				CLANG_ENABLE_OBJC_ARC = YES;
				"CODE_SIGN_IDENTITY[sdk=iphoneos*]" = "iPhone Developer";
				COPY_PHASE_STRIP = NO;
				GCC_C_LANGUAGE_STANDARD = gnu99;
				GCC_DYNAMIC_NO_PIC = NO;
				GCC_OPTIMIZATION_LEVEL = 0;
				GCC_PREPROCESSOR_DEFINITIONS = (
					"DEBUG=1",
					"$(inherited)",
				);
				GCC_SYMBOLS_PRIVATE_EXTERN = NO;
				GCC_VERSION = com.apple.compilers.llvm.clang.1_0;
				GCC_WARN_ABOUT_RETURN_TYPE = YES;
				GCC_WARN_UNINITIALIZED_AUTOS = YES;
				GCC_WARN_UNUSED_VARIABLE = YES;
				IPHONEOS_DEPLOYMENT_TARGET = 5.1;
				SDKROOT = iphoneos;
				TARGETED_DEVICE_FAMILY = "1,2";
			GCC_SYMBOLS_PRIVATE_EXTERN = NO;
				};
			name = Debug;
		};
		BBA1A743156EE56D0027B866 /* Release */ = {
			isa = XCBuildConfiguration;
			buildSettings = {
				ALWAYS_SEARCH_USER_PATHS = NO;
				ARCHS = "$(ARCHS_STANDARD_32_BIT)";
				CLANG_ENABLE_OBJC_ARC = YES;
				"CODE_SIGN_IDENTITY[sdk=iphoneos*]" = "iPhone Developer";
				COPY_PHASE_STRIP = YES;
				GCC_C_LANGUAGE_STANDARD = gnu99;
				GCC_VERSION = com.apple.compilers.llvm.clang.1_0;
				GCC_WARN_ABOUT_RETURN_TYPE = YES;
				GCC_WARN_UNINITIALIZED_AUTOS = YES;
				GCC_WARN_UNUSED_VARIABLE = YES;
				IPHONEOS_DEPLOYMENT_TARGET = 5.1;
				OTHER_CFLAGS = "-DNS_BLOCK_ASSERTIONS=1";
				SDKROOT = iphoneos;
				TARGETED_DEVICE_FAMILY = "1,2";
				VALIDATE_PRODUCT = YES;
			};
			name = Release;
		};
		BBA1A745156EE56D0027B866 /* Debug */ = {
			isa = XCBuildConfiguration;
			buildSettings = {
				GCC_PRECOMPILE_PREFIX_HEADER = YES;
				GCC_PREFIX_HEADER = "StoryboardDemo/StoryboardDemo-Prefix.pch";
				GCC_SYMBOLS_PRIVATE_EXTERN = NO;
				INFOPLIST_FILE = "StoryboardDemo/StoryboardDemo-Info.plist";
				IPHONEOS_DEPLOYMENT_TARGET = 5.0;
				PRODUCT_NAME = "$(TARGET_NAME)";
				WRAPPER_EXTENSION = app;
			GCC_SYMBOLS_PRIVATE_EXTERN = NO;
				};
			name = Debug;
		};
		BBA1A746156EE56D0027B866 /* Release */ = {
			isa = XCBuildConfiguration;
			buildSettings = {
				GCC_PRECOMPILE_PREFIX_HEADER = YES;
				GCC_PREFIX_HEADER = "StoryboardDemo/StoryboardDemo-Prefix.pch";
				INFOPLIST_FILE = "StoryboardDemo/StoryboardDemo-Info.plist";
				IPHONEOS_DEPLOYMENT_TARGET = 5.0;
				PRODUCT_NAME = "$(TARGET_NAME)";
				WRAPPER_EXTENSION = app;
			};
			name = Release;
		};
/* End XCBuildConfiguration section */

/* Begin XCConfigurationList section */
		BBA1A71A156EE56C0027B866 /* Build configuration list for PBXProject "StoryboardDemo" */ = {
			isa = XCConfigurationList;
			buildConfigurations = (
				BBA1A742156EE56D0027B866 /* Debug */,
				BBA1A743156EE56D0027B866 /* Release */,
			);
			defaultConfigurationIsVisible = 0;
			defaultConfigurationName = Release;
		};
		BBA1A744156EE56D0027B866 /* Build configuration list for PBXNativeTarget "StoryboardDemo" */ = {
			isa = XCConfigurationList;
			buildConfigurations = (
				BBA1A745156EE56D0027B866 /* Debug */,
				BBA1A746156EE56D0027B866 /* Release */,
			);
			defaultConfigurationIsVisible = 0;
			defaultConfigurationName = Release;
		};
/* End XCConfigurationList section */
	};
	rootObject = BBA1A717156EE56C0027B866 /* Project object */;
}
