// !$*UTF8*$!
{
	archiveVersion = 1;
	classes = {
	};
	objectVersion = 46;
	objects = {

/* Begin PBXBuildFile section */
		BB26EB84160DE0B200A62DFC /* WebKit.framework in Frameworks */ = {isa = PBXBuildFile; fileRef = BB26EB83160DE0B200A62DFC /* WebKit.framework */; };
		BB71CA791678A91500FEC2B5 /* InjectionPlugin.xcplugin in Resources */ = {isa = PBXBuildFile; fileRef = BB71CA781678A91500FEC2B5 /* InjectionPlugin.xcplugin */; };
		BB80315E16ADA02E005590BA /* App.icns in Resources */ = {isa = PBXBuildFile; fileRef = BB80315A16ADA02E005590BA /* App.icns */; };
		BB80315F16ADA02E005590BA /* injection.png in Resources */ = {isa = PBXBuildFile; fileRef = BB80315B16ADA02E005590BA /* injection.png */; };
		BB80316016ADA02E005590BA /* locked.png in Resources */ = {isa = PBXBuildFile; fileRef = BB80315C16ADA02E005590BA /* locked.png */; };
		BB80316116ADA02E005590BA /* syringe.png in Resources */ = {isa = PBXBuildFile; fileRef = BB80315D16ADA02E005590BA /* syringe.png */; };
		BBDA9F67160B3B49007B7848 /* Cocoa.framework in Frameworks */ = {isa = PBXBuildFile; fileRef = BBDA9F66160B3B49007B7848 /* Cocoa.framework */; };
		BBDA9F71160B3B49007B7848 /* InfoPlist.strings in Resources */ = {isa = PBXBuildFile; fileRef = BBDA9F6F160B3B49007B7848 /* InfoPlist.strings */; };
		BBDA9F73160B3B49007B7848 /* main.m in Sources */ = {isa = PBXBuildFile; fileRef = BBDA9F72160B3B49007B7848 /* main.m */; };
		BBDA9F77160B3B49007B7848 /* Credits.rtf in Resources */ = {isa = PBXBuildFile; fileRef = BBDA9F75160B3B49007B7848 /* Credits.rtf */; };
		BBDA9F7A160B3B49007B7848 /* INAppDelegate.m in Sources */ = {isa = PBXBuildFile; fileRef = BBDA9F79160B3B49007B7848 /* INAppDelegate.m */; };
		BBDA9F7D160B3B49007B7848 /* MainMenu.xib in Resources */ = {isa = PBXBuildFile; fileRef = BBDA9F7B160B3B49007B7848 /* MainMenu.xib */; };
		BBEC886B160DF68C00C3C10F /* libcrypto.dylib in Frameworks */ = {isa = PBXBuildFile; fileRef = BBEC8868160DF68C00C3C10F /* libcrypto.dylib */; };
		BBEC886C160DF68C00C3C10F /* Security.framework in Frameworks */ = {isa = PBXBuildFile; fileRef = BBEC8869160DF68C00C3C10F /* Security.framework */; };
		BBEC886D160DF68C00C3C10F /* IOKit.framework in Frameworks */ = {isa = PBXBuildFile; fileRef = BBEC886A160DF68C00C3C10F /* IOKit.framework */; };
/* End PBXBuildFile section */

/* Begin PBXFileReference section */
		BB26EB83160DE0B200A62DFC /* WebKit.framework */ = {isa = PBXFileReference; lastKnownFileType = wrapper.framework; name = WebKit.framework; path = System/Library/Frameworks/WebKit.framework; sourceTree = SDKROOT; };
		BB5F4FC4160D285E00C9B5AD /* InjectionInstaller.entitlements */ = {isa = PBXFileReference; lastKnownFileType = text.xml; path = InjectionInstaller.entitlements; sourceTree = "<group>"; };
		BB71CA781678A91500FEC2B5 /* InjectionPlugin.xcplugin */ = {isa = PBXFileReference; lastKnownFileType = wrapper; name = InjectionPlugin.xcplugin; path = "../../../Library/Application Support/Developer/Shared/Xcode/Plug-ins/InjectionPlugin.xcplugin"; sourceTree = "<group>"; };
		BB80315A16ADA02E005590BA /* App.icns */ = {isa = PBXFileReference; lastKnownFileType = image.icns; path = App.icns; sourceTree = "<group>"; };
		BB80315B16ADA02E005590BA /* injection.png */ = {isa = PBXFileReference; lastKnownFileType = image.png; path = injection.png; sourceTree = "<group>"; };
		BB80315C16ADA02E005590BA /* locked.png */ = {isa = PBXFileReference; lastKnownFileType = image.png; path = locked.png; sourceTree = "<group>"; };
		BB80315D16ADA02E005590BA /* syringe.png */ = {isa = PBXFileReference; lastKnownFileType = image.png; path = syringe.png; sourceTree = "<group>"; };
		BBDA9F62160B3B49007B7848 /* Injection Plugin.app */ = {isa = PBXFileReference; explicitFileType = wrapper.application; includeInIndex = 0; path = "Injection Plugin.app"; sourceTree = BUILT_PRODUCTS_DIR; };
		BBDA9F66160B3B49007B7848 /* Cocoa.framework */ = {isa = PBXFileReference; lastKnownFileType = wrapper.framework; name = Cocoa.framework; path = System/Library/Frameworks/Cocoa.framework; sourceTree = SDKROOT; };
		BBDA9F69160B3B49007B7848 /* AppKit.framework */ = {isa = PBXFileReference; lastKnownFileType = wrapper.framework; name = AppKit.framework; path = System/Library/Frameworks/AppKit.framework; sourceTree = SDKROOT; };
		BBDA9F6B160B3B49007B7848 /* Foundation.framework */ = {isa = PBXFileReference; lastKnownFileType = wrapper.framework; name = Foundation.framework; path = System/Library/Frameworks/Foundation.framework; sourceTree = SDKROOT; };
		BBDA9F6E160B3B49007B7848 /* InjectionInstaller-Info.plist */ = {isa = PBXFileReference; lastKnownFileType = text.plist.xml; path = "InjectionInstaller-Info.plist"; sourceTree = "<group>"; };
		BBDA9F70160B3B49007B7848 /* en */ = {isa = PBXFileReference; lastKnownFileType = text.plist.strings; name = en; path = en.lproj/InfoPlist.strings; sourceTree = "<group>"; };
		BBDA9F72160B3B49007B7848 /* main.m */ = {isa = PBXFileReference; lastKnownFileType = sourcecode.c.objc; path = main.m; sourceTree = "<group>"; };
		BBDA9F74160B3B49007B7848 /* InjectionInstaller-Prefix.pch */ = {isa = PBXFileReference; lastKnownFileType = sourcecode.c.h; path = "InjectionInstaller-Prefix.pch"; sourceTree = "<group>"; };
		BBDA9F76160B3B49007B7848 /* en */ = {isa = PBXFileReference; lastKnownFileType = text.rtf; name = en; path = en.lproj/Credits.rtf; sourceTree = "<group>"; };
		BBDA9F78160B3B49007B7848 /* INAppDelegate.h */ = {isa = PBXFileReference; lastKnownFileType = sourcecode.c.h; path = INAppDelegate.h; sourceTree = "<group>"; };
		BBDA9F79160B3B49007B7848 /* INAppDelegate.m */ = {isa = PBXFileReference; lastKnownFileType = sourcecode.c.objc; path = INAppDelegate.m; sourceTree = "<group>"; };
		BBDA9F7C160B3B49007B7848 /* en */ = {isa = PBXFileReference; lastKnownFileType = file.xib; name = en; path = en.lproj/MainMenu.xib; sourceTree = "<group>"; };
		BBEC8868160DF68C00C3C10F /* libcrypto.dylib */ = {isa = PBXFileReference; lastKnownFileType = "compiled.mach-o.dylib"; name = libcrypto.dylib; path = usr/lib/libcrypto.dylib; sourceTree = SDKROOT; };
		BBEC8869160DF68C00C3C10F /* Security.framework */ = {isa = PBXFileReference; lastKnownFileType = wrapper.framework; name = Security.framework; path = System/Library/Frameworks/Security.framework; sourceTree = SDKROOT; };
		BBEC886A160DF68C00C3C10F /* IOKit.framework */ = {isa = PBXFileReference; lastKnownFileType = wrapper.framework; name = IOKit.framework; path = System/Library/Frameworks/IOKit.framework; sourceTree = SDKROOT; };
/* End PBXFileReference section */

/* Begin PBXFrameworksBuildPhase section */
		BBDA9F5F160B3B49007B7848 /* Frameworks */ = {
			isa = PBXFrameworksBuildPhase;
			buildActionMask = 2147483647;
			files = (
				BB26EB84160DE0B200A62DFC /* WebKit.framework in Frameworks */,
				BBDA9F67160B3B49007B7848 /* Cocoa.framework in Frameworks */,
				BBEC886B160DF68C00C3C10F /* libcrypto.dylib in Frameworks */,
				BBEC886C160DF68C00C3C10F /* Security.framework in Frameworks */,
				BBEC886D160DF68C00C3C10F /* IOKit.framework in Frameworks */,
			);
			runOnlyForDeploymentPostprocessing = 0;
		};
/* End PBXFrameworksBuildPhase section */

/* Begin PBXGroup section */
		BBDA9F57160B3B49007B7848 = {
			isa = PBXGroup;
			children = (
				BBDA9F6C160B3B49007B7848 /* InjectionInstaller */,
				BBDA9F65160B3B49007B7848 /* Frameworks */,
				BBDA9F63160B3B49007B7848 /* Products */,
			);
			sourceTree = "<group>";
		};
		BBDA9F63160B3B49007B7848 /* Products */ = {
			isa = PBXGroup;
			children = (
				BBDA9F62160B3B49007B7848 /* Injection Plugin.app */,
			);
			name = Products;
			sourceTree = "<group>";
		};
		BBDA9F65160B3B49007B7848 /* Frameworks */ = {
			isa = PBXGroup;
			children = (
				BBDA9F66160B3B49007B7848 /* Cocoa.framework */,
				BBDA9F68160B3B49007B7848 /* Other Frameworks */,
			);
			name = Frameworks;
			sourceTree = "<group>";
		};
		BBDA9F68160B3B49007B7848 /* Other Frameworks */ = {
			isa = PBXGroup;
			children = (
				BBEC8868160DF68C00C3C10F /* libcrypto.dylib */,
				BBEC8869160DF68C00C3C10F /* Security.framework */,
				BBEC886A160DF68C00C3C10F /* IOKit.framework */,
				BBDA9F69160B3B49007B7848 /* AppKit.framework */,
				BB26EB83160DE0B200A62DFC /* WebKit.framework */,
				BBDA9F6B160B3B49007B7848 /* Foundation.framework */,
			);
			name = "Other Frameworks";
			sourceTree = "<group>";
		};
		BBDA9F6C160B3B49007B7848 /* InjectionInstaller */ = {
			isa = PBXGroup;
			children = (
				BBDA9F78160B3B49007B7848 /* INAppDelegate.h */,
				BBDA9F79160B3B49007B7848 /* INAppDelegate.m */,
				BBDA9F7B160B3B49007B7848 /* MainMenu.xib */,
				BBDA9F6D160B3B49007B7848 /* Supporting Files */,
			);
			path = InjectionInstaller;
			sourceTree = "<group>";
		};
		BBDA9F6D160B3B49007B7848 /* Supporting Files */ = {
			isa = PBXGroup;
			children = (
				BB80315A16ADA02E005590BA /* App.icns */,
				BB80315B16ADA02E005590BA /* injection.png */,
				BB80315D16ADA02E005590BA /* syringe.png */,
				BB80315C16ADA02E005590BA /* locked.png */,
				BBDA9F6E160B3B49007B7848 /* InjectionInstaller-Info.plist */,
				BB5F4FC4160D285E00C9B5AD /* InjectionInstaller.entitlements */,
				BB71CA781678A91500FEC2B5 /* InjectionPlugin.xcplugin */,
				BBDA9F6F160B3B49007B7848 /* InfoPlist.strings */,
				BBDA9F72160B3B49007B7848 /* main.m */,
				BBDA9F74160B3B49007B7848 /* InjectionInstaller-Prefix.pch */,
				BBDA9F75160B3B49007B7848 /* Credits.rtf */,
			);
			name = "Supporting Files";
			sourceTree = "<group>";
		};
/* End PBXGroup section */

/* Begin PBXNativeTarget section */
		BBDA9F61160B3B49007B7848 /* InjectionInstaller */ = {
			isa = PBXNativeTarget;
			buildConfigurationList = BBDA9F80160B3B49007B7848 /* Build configuration list for PBXNativeTarget "InjectionInstaller" */;
			buildPhases = (
				BBDA9F5E160B3B49007B7848 /* Sources */,
				BBDA9F5F160B3B49007B7848 /* Frameworks */,
				BBDA9F60160B3B49007B7848 /* Resources */,
			);
			buildRules = (
			);
			dependencies = (
			);
			name = InjectionInstaller;
			productName = InjectionInstaller;
			productReference = BBDA9F62160B3B49007B7848 /* Injection Plugin.app */;
			productType = "com.apple.product-type.application";
		};
/* End PBXNativeTarget section */

/* Begin PBXProject section */
		BBDA9F59160B3B49007B7848 /* Project object */ = {
			isa = PBXProject;
			attributes = {
				CLASSPREFIX = IN;
				LastUpgradeCheck = 0450;
				ORGANIZATIONNAME = "John Holdsworth";
			};
			buildConfigurationList = BBDA9F5C160B3B49007B7848 /* Build configuration list for PBXProject "InjectionInstaller" */;
			compatibilityVersion = "Xcode 3.2";
			developmentRegion = English;
			hasScannedForEncodings = 0;
			knownRegions = (
				en,
			);
			mainGroup = BBDA9F57160B3B49007B7848;
			productRefGroup = BBDA9F63160B3B49007B7848 /* Products */;
			projectDirPath = "";
			projectRoot = "";
			targets = (
				BBDA9F61160B3B49007B7848 /* InjectionInstaller */,
			);
		};
/* End PBXProject section */

/* Begin PBXResourcesBuildPhase section */
		BBDA9F60160B3B49007B7848 /* Resources */ = {
			isa = PBXResourcesBuildPhase;
			buildActionMask = 2147483647;
			files = (
				BBDA9F71160B3B49007B7848 /* InfoPlist.strings in Resources */,
				BBDA9F77160B3B49007B7848 /* Credits.rtf in Resources */,
				BBDA9F7D160B3B49007B7848 /* MainMenu.xib in Resources */,
				BB71CA791678A91500FEC2B5 /* InjectionPlugin.xcplugin in Resources */,
				BB80315E16ADA02E005590BA /* App.icns in Resources */,
				BB80315F16ADA02E005590BA /* injection.png in Resources */,
				BB80316016ADA02E005590BA /* locked.png in Resources */,
				BB80316116ADA02E005590BA /* syringe.png in Resources */,
			);
			runOnlyForDeploymentPostprocessing = 0;
		};
/* End PBXResourcesBuildPhase section */

/* Begin PBXSourcesBuildPhase section */
		BBDA9F5E160B3B49007B7848 /* Sources */ = {
			isa = PBXSourcesBuildPhase;
			buildActionMask = 2147483647;
			files = (
				BBDA9F73160B3B49007B7848 /* main.m in Sources */,
				BBDA9F7A160B3B49007B7848 /* INAppDelegate.m in Sources */,
			);
			runOnlyForDeploymentPostprocessing = 0;
		};
/* End PBXSourcesBuildPhase section */

/* Begin PBXVariantGroup section */
		BBDA9F6F160B3B49007B7848 /* InfoPlist.strings */ = {
			isa = PBXVariantGroup;
			children = (
				BBDA9F70160B3B49007B7848 /* en */,
			);
			name = InfoPlist.strings;
			sourceTree = "<group>";
		};
		BBDA9F75160B3B49007B7848 /* Credits.rtf */ = {
			isa = PBXVariantGroup;
			children = (
				BBDA9F76160B3B49007B7848 /* en */,
			);
			name = Credits.rtf;
			sourceTree = "<group>";
		};
		BBDA9F7B160B3B49007B7848 /* MainMenu.xib */ = {
			isa = PBXVariantGroup;
			children = (
				BBDA9F7C160B3B49007B7848 /* en */,
			);
			name = MainMenu.xib;
			sourceTree = "<group>";
		};
/* End PBXVariantGroup section */

/* Begin XCBuildConfiguration section */
		BBDA9F7E160B3B49007B7848 /* Debug */ = {
			isa = XCBuildConfiguration;
			buildSettings = {
				ALWAYS_SEARCH_USER_PATHS = NO;
				ARCHS = "$(ARCHS_STANDARD_64_BIT)";
				CLANG_CXX_LANGUAGE_STANDARD = "gnu++0x";
				CLANG_CXX_LIBRARY = "libc++";
				CLANG_WARN_EMPTY_BODY = YES;
				CLANG_WARN__DUPLICATE_METHOD_MATCH = YES;
				COPY_PHASE_STRIP = NO;
				GCC_C_LANGUAGE_STANDARD = gnu99;
				GCC_DYNAMIC_NO_PIC = NO;
				GCC_ENABLE_OBJC_EXCEPTIONS = YES;
				GCC_OPTIMIZATION_LEVEL = 0;
				GCC_PREPROCESSOR_DEFINITIONS = (
					"DEBUG=1",
					"$(inherited)",
				);
				GCC_SYMBOLS_PRIVATE_EXTERN = NO;
				GCC_WARN_64_TO_32_BIT_CONVERSION = YES;
				GCC_WARN_ABOUT_RETURN_TYPE = YES;
				GCC_WARN_UNINITIALIZED_AUTOS = YES;
				GCC_WARN_UNUSED_VARIABLE = YES;
				MACOSX_DEPLOYMENT_TARGET = 10.7;
				ONLY_ACTIVE_ARCH = YES;
				SDKROOT = macosx;
			};
			name = Debug;
		};
		BBDA9F7F160B3B49007B7848 /* Release */ = {
			isa = XCBuildConfiguration;
			buildSettings = {
				ALWAYS_SEARCH_USER_PATHS = NO;
				ARCHS = "$(ARCHS_STANDARD_64_BIT)";
				CLANG_CXX_LANGUAGE_STANDARD = "gnu++0x";
				CLANG_CXX_LIBRARY = "libc++";
				CLANG_WARN_EMPTY_BODY = YES;
				CLANG_WARN__DUPLICATE_METHOD_MATCH = YES;
				COPY_PHASE_STRIP = YES;
				DEBUG_INFORMATION_FORMAT = "dwarf-with-dsym";
				GCC_C_LANGUAGE_STANDARD = gnu99;
				GCC_ENABLE_OBJC_EXCEPTIONS = YES;
				GCC_WARN_64_TO_32_BIT_CONVERSION = YES;
				GCC_WARN_ABOUT_RETURN_TYPE = YES;
				GCC_WARN_UNINITIALIZED_AUTOS = YES;
				GCC_WARN_UNUSED_VARIABLE = YES;
				MACOSX_DEPLOYMENT_TARGET = 10.7;
				SDKROOT = macosx;
			};
			name = Release;
		};
		BBDA9F81160B3B49007B7848 /* Debug */ = {
			isa = XCBuildConfiguration;
			buildSettings = {
				ARCHS = "$(ARCHS_STANDARD_32_BIT)";
				CODE_SIGN_IDENTITY = "Mac Developer";
				COMBINE_HIDPI_IMAGES = YES;
				GCC_PRECOMPILE_PREFIX_HEADER = YES;
				GCC_PREFIX_HEADER = "InjectionInstaller/InjectionInstaller-Prefix.pch";
				INFOPLIST_FILE = "InjectionInstaller/InjectionInstaller-Info.plist";
				MACOSX_DEPLOYMENT_TARGET = 10.7;
				PRODUCT_NAME = "Injection Plugin";
				WRAPPER_EXTENSION = app;
			};
			name = Debug;
		};
		BBDA9F82160B3B49007B7848 /* Release */ = {
			isa = XCBuildConfiguration;
			buildSettings = {
				ARCHS = "$(ARCHS_STANDARD_32_BIT)";
				CODE_SIGN_IDENTITY = "3rd Party Mac Developer Application";
				COMBINE_HIDPI_IMAGES = YES;
				GCC_PRECOMPILE_PREFIX_HEADER = YES;
				GCC_PREFIX_HEADER = "InjectionInstaller/InjectionInstaller-Prefix.pch";
				INFOPLIST_FILE = "InjectionInstaller/InjectionInstaller-Info.plist";
				MACOSX_DEPLOYMENT_TARGET = 10.7;
				PRODUCT_NAME = "Injection Plugin";
				PROVISIONING_PROFILE = "";
				WRAPPER_EXTENSION = app;
			};
			name = Release;
		};
/* End XCBuildConfiguration section */

/* Begin XCConfigurationList section */
		BBDA9F5C160B3B49007B7848 /* Build configuration list for PBXProject "InjectionInstaller" */ = {
			isa = XCConfigurationList;
			buildConfigurations = (
				BBDA9F7E160B3B49007B7848 /* Debug */,
				BBDA9F7F160B3B49007B7848 /* Release */,
			);
			defaultConfigurationIsVisible = 0;
			defaultConfigurationName = Release;
		};
		BBDA9F80160B3B49007B7848 /* Build configuration list for PBXNativeTarget "InjectionInstaller" */ = {
			isa = XCConfigurationList;
			buildConfigurations = (
				BBDA9F81160B3B49007B7848 /* Debug */,
				BBDA9F82160B3B49007B7848 /* Release */,
			);
			defaultConfigurationIsVisible = 0;
			defaultConfigurationName = Release;
		};
/* End XCConfigurationList section */
	};
	rootObject = BBDA9F59160B3B49007B7848 /* Project object */;
}
